// !$*UTF8*$!
{
	archiveVersion = 1;
	classes = {
	};
	objectVersion = 54;
	objects = {

/* Begin PBXBuildFile section */
		213D430625918A40001D0C18 /* NSOperationQueue-Utility.m in Sources */ = {isa = PBXBuildFile; fileRef = 213D430525918A40001D0C18 /* NSOperationQueue-Utility.m */; };
		218DD53313453FC5000B6475 /* Cocoa.framework in Frameworks */ = {isa = PBXBuildFile; fileRef = 218DD53213453FC5000B6475 /* Cocoa.framework */; };
		218DD54D13453FCE000B6475 /* libOpenCV.a in Frameworks */ = {isa = PBXBuildFile; fileRef = 21E7790912D322A9006C1554 /* libOpenCV.a */; };
		2190AF18135B6E4A00C3853B /* IOKit.framework in Frameworks */ = {isa = PBXBuildFile; fileRef = 2190AF17135B6E4A00C3853B /* IOKit.framework */; };
		21A326B82578573E00E5B80E /* DeckLinkAPIDispatch.cpp in Sources */ = {isa = PBXBuildFile; fileRef = 21A326972578573E00E5B80E /* DeckLinkAPIDispatch.cpp */; };
		21A3285F2578578600E5B80E /* tracking.hpp in Headers */ = {isa = PBXBuildFile; fileRef = 21A327D62578578600E5B80E /* tracking.hpp */; };
		21A328602578578600E5B80E /* background_segm.hpp in Headers */ = {isa = PBXBuildFile; fileRef = 21A327D72578578600E5B80E /* background_segm.hpp */; };
		21A328612578578600E5B80E /* video.hpp in Headers */ = {isa = PBXBuildFile; fileRef = 21A327D82578578600E5B80E /* video.hpp */; };
		21A328622578578600E5B80E /* video.hpp in Headers */ = {isa = PBXBuildFile; fileRef = 21A327D92578578600E5B80E /* video.hpp */; };
		21A328632578578600E5B80E /* lkpyramid.hpp in Headers */ = {isa = PBXBuildFile; fileRef = 21A327DB2578578600E5B80E /* lkpyramid.hpp */; };
		21A328642578578600E5B80E /* precomp.hpp in Headers */ = {isa = PBXBuildFile; fileRef = 21A327DC2578578600E5B80E /* precomp.hpp */; };
		21A328652578578600E5B80E /* simpleflow.cpp in Sources */ = {isa = PBXBuildFile; fileRef = 21A327DD2578578600E5B80E /* simpleflow.cpp */; };
		21A328662578578600E5B80E /* bgfg_gmg.cpp in Sources */ = {isa = PBXBuildFile; fileRef = 21A327DE2578578600E5B80E /* bgfg_gmg.cpp */; };
		21A328672578578600E5B80E /* video_init.cpp in Sources */ = {isa = PBXBuildFile; fileRef = 21A327DF2578578600E5B80E /* video_init.cpp */; };
		21A328682578578600E5B80E /* kalman.cpp in Sources */ = {isa = PBXBuildFile; fileRef = 21A327E02578578600E5B80E /* kalman.cpp */; };
		21A328692578578600E5B80E /* motempl.cpp in Sources */ = {isa = PBXBuildFile; fileRef = 21A327E12578578600E5B80E /* motempl.cpp */; };
		21A3286A2578578600E5B80E /* bgfg_gaussmix2.cpp in Sources */ = {isa = PBXBuildFile; fileRef = 21A327E22578578600E5B80E /* bgfg_gaussmix2.cpp */; };
		21A3286B2578578600E5B80E /* camshift.cpp in Sources */ = {isa = PBXBuildFile; fileRef = 21A327E32578578600E5B80E /* camshift.cpp */; };
		21A3286C2578578600E5B80E /* lkpyramid.cpp in Sources */ = {isa = PBXBuildFile; fileRef = 21A327E42578578600E5B80E /* lkpyramid.cpp */; };
		21A3286D2578578600E5B80E /* optflowgf.cpp in Sources */ = {isa = PBXBuildFile; fileRef = 21A327E52578578600E5B80E /* optflowgf.cpp */; };
		21A3286E2578578600E5B80E /* simpleflow.hpp in Headers */ = {isa = PBXBuildFile; fileRef = 21A327E62578578600E5B80E /* simpleflow.hpp */; };
		21A3286F2578578600E5B80E /* bgfg_gaussmix.cpp in Sources */ = {isa = PBXBuildFile; fileRef = 21A327E72578578600E5B80E /* bgfg_gaussmix.cpp */; };
		21A328702578578600E5B80E /* tvl1flow.cpp in Sources */ = {isa = PBXBuildFile; fileRef = 21A327E82578578600E5B80E /* tvl1flow.cpp */; };
		21A328712578578600E5B80E /* cuda_devptrs.hpp in Headers */ = {isa = PBXBuildFile; fileRef = 21A327ED2578578600E5B80E /* cuda_devptrs.hpp */; };
		21A328722578578600E5B80E /* opengl_interop.hpp in Headers */ = {isa = PBXBuildFile; fileRef = 21A327EE2578578600E5B80E /* opengl_interop.hpp */; };
		21A328732578578600E5B80E /* eigen.hpp in Headers */ = {isa = PBXBuildFile; fileRef = 21A327EF2578578600E5B80E /* eigen.hpp */; };
		21A328742578578600E5B80E /* internal.hpp in Headers */ = {isa = PBXBuildFile; fileRef = 21A327F02578578600E5B80E /* internal.hpp */; };
		21A328752578578600E5B80E /* gpumat.hpp in Headers */ = {isa = PBXBuildFile; fileRef = 21A327F12578578600E5B80E /* gpumat.hpp */; };
		21A328762578578600E5B80E /* affine.hpp in Headers */ = {isa = PBXBuildFile; fileRef = 21A327F22578578600E5B80E /* affine.hpp */; };
		21A328772578578600E5B80E /* mat.hpp in Headers */ = {isa = PBXBuildFile; fileRef = 21A327F32578578600E5B80E /* mat.hpp */; };
		21A328782578578600E5B80E /* devmem2d.hpp in Headers */ = {isa = PBXBuildFile; fileRef = 21A327F42578578600E5B80E /* devmem2d.hpp */; };
		21A328792578578600E5B80E /* version.hpp in Headers */ = {isa = PBXBuildFile; fileRef = 21A327F52578578600E5B80E /* version.hpp */; };
		21A3287A2578578600E5B80E /* operations.hpp in Headers */ = {isa = PBXBuildFile; fileRef = 21A327F62578578600E5B80E /* operations.hpp */; };
		21A3287B2578578600E5B80E /* types_c.h in Headers */ = {isa = PBXBuildFile; fileRef = 21A327F72578578600E5B80E /* types_c.h */; };
		21A3287C2578578600E5B80E /* core_c.h in Headers */ = {isa = PBXBuildFile; fileRef = 21A327F82578578600E5B80E /* core_c.h */; };
		21A3287D2578578600E5B80E /* opengl_interop_deprecated.hpp in Headers */ = {isa = PBXBuildFile; fileRef = 21A327F92578578600E5B80E /* opengl_interop_deprecated.hpp */; };
		21A3287E2578578600E5B80E /* core.hpp in Headers */ = {isa = PBXBuildFile; fileRef = 21A327FA2578578600E5B80E /* core.hpp */; };
		21A3287F2578578600E5B80E /* wimage.hpp in Headers */ = {isa = PBXBuildFile; fileRef = 21A327FB2578578600E5B80E /* wimage.hpp */; };
		21A328802578578600E5B80E /* core.hpp in Headers */ = {isa = PBXBuildFile; fileRef = 21A327FC2578578600E5B80E /* core.hpp */; };
		21A328812578578600E5B80E /* precomp.hpp in Headers */ = {isa = PBXBuildFile; fileRef = 21A327FE2578578600E5B80E /* precomp.hpp */; };
		21A328822578578600E5B80E /* dxt.cpp in Sources */ = {isa = PBXBuildFile; fileRef = 21A327FF2578578600E5B80E /* dxt.cpp */; };
		21A328832578578600E5B80E /* copy.cpp in Sources */ = {isa = PBXBuildFile; fileRef = 21A328002578578600E5B80E /* copy.cpp */; };
		21A328842578578600E5B80E /* stat.cpp in Sources */ = {isa = PBXBuildFile; fileRef = 21A328012578578600E5B80E /* stat.cpp */; };
		21A328852578578600E5B80E /* opengl_interop_deprecated.cpp in Sources */ = {isa = PBXBuildFile; fileRef = 21A328022578578600E5B80E /* opengl_interop_deprecated.cpp */; };
		21A328862578578600E5B80E /* gl_core_3_1.cpp in Sources */ = {isa = PBXBuildFile; fileRef = 21A328032578578600E5B80E /* gl_core_3_1.cpp */; };
		21A328872578578600E5B80E /* parallel.cpp in Sources */ = {isa = PBXBuildFile; fileRef = 21A328042578578600E5B80E /* parallel.cpp */; };
		21A328882578578600E5B80E /* matmul.cpp in Sources */ = {isa = PBXBuildFile; fileRef = 21A328052578578600E5B80E /* matmul.cpp */; };
		21A328892578578600E5B80E /* convert.cpp in Sources */ = {isa = PBXBuildFile; fileRef = 21A328062578578600E5B80E /* convert.cpp */; };
		21A3288A2578578600E5B80E /* tables.cpp in Sources */ = {isa = PBXBuildFile; fileRef = 21A328072578578600E5B80E /* tables.cpp */; };
		21A3288B2578578600E5B80E /* mathfuncs.cpp in Sources */ = {isa = PBXBuildFile; fileRef = 21A328082578578600E5B80E /* mathfuncs.cpp */; };
		21A3288C2578578600E5B80E /* persistence.cpp in Sources */ = {isa = PBXBuildFile; fileRef = 21A328092578578600E5B80E /* persistence.cpp */; };
		21A3288D2578578600E5B80E /* lapack.cpp in Sources */ = {isa = PBXBuildFile; fileRef = 21A3280A2578578600E5B80E /* lapack.cpp */; };
		21A3288E2578578600E5B80E /* out.cpp in Sources */ = {isa = PBXBuildFile; fileRef = 21A3280B2578578600E5B80E /* out.cpp */; };
		21A3288F2578578600E5B80E /* drawing.cpp in Sources */ = {isa = PBXBuildFile; fileRef = 21A3280C2578578600E5B80E /* drawing.cpp */; };
		21A328902578578600E5B80E /* array.cpp in Sources */ = {isa = PBXBuildFile; fileRef = 21A3280D2578578600E5B80E /* array.cpp */; };
		21A328912578578600E5B80E /* arithm.cpp in Sources */ = {isa = PBXBuildFile; fileRef = 21A3280E2578578600E5B80E /* arithm.cpp */; };
		21A328922578578600E5B80E /* alloc.cpp in Sources */ = {isa = PBXBuildFile; fileRef = 21A3280F2578578600E5B80E /* alloc.cpp */; };
		21A328932578578600E5B80E /* matop.cpp in Sources */ = {isa = PBXBuildFile; fileRef = 21A328102578578600E5B80E /* matop.cpp */; };
		21A328942578578600E5B80E /* rand.cpp in Sources */ = {isa = PBXBuildFile; fileRef = 21A328112578578600E5B80E /* rand.cpp */; };
		21A328952578578600E5B80E /* algorithm.cpp in Sources */ = {isa = PBXBuildFile; fileRef = 21A328122578578600E5B80E /* algorithm.cpp */; };
		21A328962578578600E5B80E /* system.cpp in Sources */ = {isa = PBXBuildFile; fileRef = 21A328132578578600E5B80E /* system.cpp */; };
		21A328972578578600E5B80E /* gpumat.cpp in Sources */ = {isa = PBXBuildFile; fileRef = 21A328142578578600E5B80E /* gpumat.cpp */; };
		21A328982578578600E5B80E /* cmdparser.cpp in Sources */ = {isa = PBXBuildFile; fileRef = 21A328152578578600E5B80E /* cmdparser.cpp */; };
		21A328992578578600E5B80E /* matrix.cpp in Sources */ = {isa = PBXBuildFile; fileRef = 21A328162578578600E5B80E /* matrix.cpp */; };
		21A3289A2578578600E5B80E /* glob.cpp in Sources */ = {isa = PBXBuildFile; fileRef = 21A328172578578600E5B80E /* glob.cpp */; };
		21A3289B2578578600E5B80E /* opengl_interop.cpp in Sources */ = {isa = PBXBuildFile; fileRef = 21A328182578578600E5B80E /* opengl_interop.cpp */; };
		21A3289C2578578600E5B80E /* datastructs.cpp in Sources */ = {isa = PBXBuildFile; fileRef = 21A328192578578600E5B80E /* datastructs.cpp */; };
		21A3289D2578578600E5B80E /* gl_core_3_1.hpp in Headers */ = {isa = PBXBuildFile; fileRef = 21A3281A2578578600E5B80E /* gl_core_3_1.hpp */; };
		21A3289E2578578600E5B80E /* imgproc.hpp in Headers */ = {isa = PBXBuildFile; fileRef = 21A3281E2578578600E5B80E /* imgproc.hpp */; };
		21A3289F2578578600E5B80E /* imgproc.hpp in Headers */ = {isa = PBXBuildFile; fileRef = 21A328202578578600E5B80E /* imgproc.hpp */; };
		21A328A02578578600E5B80E /* imgproc_c.h in Headers */ = {isa = PBXBuildFile; fileRef = 21A328212578578600E5B80E /* imgproc_c.h */; };
		21A328A12578578600E5B80E /* types_c.h in Headers */ = {isa = PBXBuildFile; fileRef = 21A328222578578600E5B80E /* types_c.h */; };
		21A328A22578578600E5B80E /* cornersubpix.cpp in Sources */ = {isa = PBXBuildFile; fileRef = 21A328242578578600E5B80E /* cornersubpix.cpp */; };
		21A328A32578578600E5B80E /* corner.cpp in Sources */ = {isa = PBXBuildFile; fileRef = 21A328252578578600E5B80E /* corner.cpp */; };
		21A328A42578578600E5B80E /* rotcalipers.cpp in Sources */ = {isa = PBXBuildFile; fileRef = 21A328262578578600E5B80E /* rotcalipers.cpp */; };
		21A328A52578578600E5B80E /* clahe.cpp in Sources */ = {isa = PBXBuildFile; fileRef = 21A328272578578600E5B80E /* clahe.cpp */; };
		21A328A62578578600E5B80E /* imgwarp_avx2.hpp in Headers */ = {isa = PBXBuildFile; fileRef = 21A328292578578600E5B80E /* imgwarp_avx2.hpp */; };
		21A328A72578578600E5B80E /* imgwarp_avx2.cpp in Sources */ = {isa = PBXBuildFile; fileRef = 21A3282A2578578600E5B80E /* imgwarp_avx2.cpp */; };
		21A328A82578578600E5B80E /* utils.cpp in Sources */ = {isa = PBXBuildFile; fileRef = 21A3282B2578578600E5B80E /* utils.cpp */; };
		21A328A92578578600E5B80E /* geometry.cpp in Sources */ = {isa = PBXBuildFile; fileRef = 21A3282C2578578600E5B80E /* geometry.cpp */; };
		21A328AA2578578600E5B80E /* precomp.hpp in Headers */ = {isa = PBXBuildFile; fileRef = 21A3282D2578578600E5B80E /* precomp.hpp */; };
		21A328AB2578578600E5B80E /* matchcontours.cpp in Sources */ = {isa = PBXBuildFile; fileRef = 21A3282E2578578600E5B80E /* matchcontours.cpp */; };
		21A328AC2578578600E5B80E /* approx.cpp in Sources */ = {isa = PBXBuildFile; fileRef = 21A3282F2578578600E5B80E /* approx.cpp */; };
		21A328AD2578578600E5B80E /* morph.cpp in Sources */ = {isa = PBXBuildFile; fileRef = 21A328302578578600E5B80E /* morph.cpp */; };
		21A328AE2578578600E5B80E /* pyramids.cpp in Sources */ = {isa = PBXBuildFile; fileRef = 21A328312578578600E5B80E /* pyramids.cpp */; };
		21A328AF2578578600E5B80E /* shapedescr.cpp in Sources */ = {isa = PBXBuildFile; fileRef = 21A328322578578600E5B80E /* shapedescr.cpp */; };
		21A328B02578578600E5B80E /* generalized_hough.cpp in Sources */ = {isa = PBXBuildFile; fileRef = 21A328332578578600E5B80E /* generalized_hough.cpp */; };
		21A328B12578578600E5B80E /* _geom.h in Headers */ = {isa = PBXBuildFile; fileRef = 21A328342578578600E5B80E /* _geom.h */; };
		21A328B22578578600E5B80E /* _list.h in Headers */ = {isa = PBXBuildFile; fileRef = 21A328352578578600E5B80E /* _list.h */; };
		21A328B32578578600E5B80E /* templmatch.cpp in Sources */ = {isa = PBXBuildFile; fileRef = 21A328362578578600E5B80E /* templmatch.cpp */; };
		21A328B42578578600E5B80E /* smooth.cpp in Sources */ = {isa = PBXBuildFile; fileRef = 21A328372578578600E5B80E /* smooth.cpp */; };
		21A328B52578578600E5B80E /* segmentation.cpp in Sources */ = {isa = PBXBuildFile; fileRef = 21A328382578578600E5B80E /* segmentation.cpp */; };
		21A328B62578578600E5B80E /* subdivision2d.cpp in Sources */ = {isa = PBXBuildFile; fileRef = 21A328392578578600E5B80E /* subdivision2d.cpp */; };
		21A328B72578578600E5B80E /* undistort.cpp in Sources */ = {isa = PBXBuildFile; fileRef = 21A3283A2578578600E5B80E /* undistort.cpp */; };
		21A328B82578578600E5B80E /* emd.cpp in Sources */ = {isa = PBXBuildFile; fileRef = 21A3283B2578578600E5B80E /* emd.cpp */; };
		21A328B92578578600E5B80E /* featureselect.cpp in Sources */ = {isa = PBXBuildFile; fileRef = 21A3283C2578578600E5B80E /* featureselect.cpp */; };
		21A328BA2578578600E5B80E /* gabor.cpp in Sources */ = {isa = PBXBuildFile; fileRef = 21A3283D2578578600E5B80E /* gabor.cpp */; };
		21A328BB2578578600E5B80E /* phasecorr.cpp in Sources */ = {isa = PBXBuildFile; fileRef = 21A3283E2578578600E5B80E /* phasecorr.cpp */; };
		21A328BC2578578600E5B80E /* hough.cpp in Sources */ = {isa = PBXBuildFile; fileRef = 21A3283F2578578600E5B80E /* hough.cpp */; };
		21A328BD2578578600E5B80E /* tables.cpp in Sources */ = {isa = PBXBuildFile; fileRef = 21A328402578578600E5B80E /* tables.cpp */; };
		21A328BE2578578600E5B80E /* filter.cpp in Sources */ = {isa = PBXBuildFile; fileRef = 21A328412578578600E5B80E /* filter.cpp */; };
		21A328BF2578578600E5B80E /* gcgraph.hpp in Headers */ = {isa = PBXBuildFile; fileRef = 21A328422578578600E5B80E /* gcgraph.hpp */; };
		21A328C02578578600E5B80E /* color.cpp in Sources */ = {isa = PBXBuildFile; fileRef = 21A328432578578600E5B80E /* color.cpp */; };
		21A328C12578578600E5B80E /* imgwarp.cpp in Sources */ = {isa = PBXBuildFile; fileRef = 21A328442578578600E5B80E /* imgwarp.cpp */; };
		21A328C22578578600E5B80E /* thresh.cpp in Sources */ = {isa = PBXBuildFile; fileRef = 21A328452578578600E5B80E /* thresh.cpp */; };
		21A328C32578578600E5B80E /* moments.cpp in Sources */ = {isa = PBXBuildFile; fileRef = 21A328462578578600E5B80E /* moments.cpp */; };
		21A328C42578578600E5B80E /* accum.cpp in Sources */ = {isa = PBXBuildFile; fileRef = 21A328472578578600E5B80E /* accum.cpp */; };
		21A328C52578578600E5B80E /* linefit.cpp in Sources */ = {isa = PBXBuildFile; fileRef = 21A328482578578600E5B80E /* linefit.cpp */; };
		21A328C62578578600E5B80E /* histogram.cpp in Sources */ = {isa = PBXBuildFile; fileRef = 21A328492578578600E5B80E /* histogram.cpp */; };
		21A328C72578578600E5B80E /* imgwarp_avx.hpp in Headers */ = {isa = PBXBuildFile; fileRef = 21A3284B2578578600E5B80E /* imgwarp_avx.hpp */; };
		21A328C82578578600E5B80E /* imgwarp_avx.cpp in Sources */ = {isa = PBXBuildFile; fileRef = 21A3284C2578578600E5B80E /* imgwarp_avx.cpp */; };
		21A328C92578578600E5B80E /* canny.cpp in Sources */ = {isa = PBXBuildFile; fileRef = 21A3284D2578578600E5B80E /* canny.cpp */; };
		21A328CA2578578600E5B80E /* samplers.cpp in Sources */ = {isa = PBXBuildFile; fileRef = 21A3284E2578578600E5B80E /* samplers.cpp */; };
		21A328CB2578578600E5B80E /* deriv.cpp in Sources */ = {isa = PBXBuildFile; fileRef = 21A3284F2578578600E5B80E /* deriv.cpp */; };
		21A328CC2578578600E5B80E /* distransform.cpp in Sources */ = {isa = PBXBuildFile; fileRef = 21A328502578578600E5B80E /* distransform.cpp */; };
		21A328CD2578578600E5B80E /* contours.cpp in Sources */ = {isa = PBXBuildFile; fileRef = 21A328512578578600E5B80E /* contours.cpp */; };
		21A328CE2578578600E5B80E /* convhull.cpp in Sources */ = {isa = PBXBuildFile; fileRef = 21A328522578578600E5B80E /* convhull.cpp */; };
		21A328CF2578578600E5B80E /* floodfill.cpp in Sources */ = {isa = PBXBuildFile; fileRef = 21A328532578578600E5B80E /* floodfill.cpp */; };
		21A328D02578578600E5B80E /* grabcut.cpp in Sources */ = {isa = PBXBuildFile; fileRef = 21A328542578578600E5B80E /* grabcut.cpp */; };
		21A328D12578578600E5B80E /* sumpixels.cpp in Sources */ = {isa = PBXBuildFile; fileRef = 21A328552578578600E5B80E /* sumpixels.cpp */; };
		21A328D22578578600E5B80E /* dynamicuda.hpp in Headers */ = {isa = PBXBuildFile; fileRef = 21A3285A2578578600E5B80E /* dynamicuda.hpp */; };
		21A328D32578578600E5B80E /* main.cpp in Sources */ = {isa = PBXBuildFile; fileRef = 21A3285E2578578600E5B80E /* main.cpp */; };
		21A5298C258D6AA800FF7EA4 /* libz.dylib in Frameworks */ = {isa = PBXBuildFile; fileRef = 218DD5271345253D000B6475 /* libz.dylib */; };
		21A5298D258D6AAA00FF7EA4 /* libiconv.dylib in Frameworks */ = {isa = PBXBuildFile; fileRef = 219099D01357A05300EEE2BB /* libiconv.dylib */; };
		21A52994258D6AD100FF7EA4 /* libiconv.dylib in Frameworks */ = {isa = PBXBuildFile; fileRef = 219099D01357A05300EEE2BB /* libiconv.dylib */; };
		21A52995258D6AD300FF7EA4 /* libz.dylib in Frameworks */ = {isa = PBXBuildFile; fileRef = 218DD5271345253D000B6475 /* libz.dylib */; };
		21CC72061347EDD4001146DA /* CoreVideo.framework in Frameworks */ = {isa = PBXBuildFile; fileRef = 21CC72051347EDD4001146DA /* CoreVideo.framework */; };
		21CC724913484A79001146DA /* QuartzCore.framework in Frameworks */ = {isa = PBXBuildFile; fileRef = 21CC724813484A79001146DA /* QuartzCore.framework */; };
		21E4E703258FE8CA00C21256 /* Vision.framework in Frameworks */ = {isa = PBXBuildFile; fileRef = 21E4E702258FE8CA00C21256 /* Vision.framework */; };
		21F1F0B9257EEE1E00BA1C09 /* CoreGraphics.framework in Frameworks */ = {isa = PBXBuildFile; fileRef = 21F1F0B8257EEE1E00BA1C09 /* CoreGraphics.framework */; };
		BE39A15518249FB800704CA3 /* OpenCL.framework in Frameworks */ = {isa = PBXBuildFile; fileRef = BE39A15418249FB800704CA3 /* OpenCL.framework */; };
		BE3FA2FE180F40C2006BC68C /* AVFoundation.framework in Frameworks */ = {isa = PBXBuildFile; fileRef = BE3FA2FD180F40C2006BC68C /* AVFoundation.framework */; };
		BE3FA3001811DEEE006BC68C /* CoreMedia.framework in Frameworks */ = {isa = PBXBuildFile; fileRef = BE3FA2FF1811DEEE006BC68C /* CoreMedia.framework */; };
		BEB800C21A5E527F00FCE8D2 /* BitmapView.m in Sources */ = {isa = PBXBuildFile; fileRef = BEB800C11A5E527F00FCE8D2 /* BitmapView.m */; };
		BEB800CC1A5E52A000FCE8D2 /* PlateData.mm in Sources */ = {isa = PBXBuildFile; fileRef = BEB800C51A5E52A000FCE8D2 /* PlateData.mm */; };
		BEB800CD1A5E52A000FCE8D2 /* VideoFrame.mm in Sources */ = {isa = PBXBuildFile; fileRef = BEB800C71A5E52A000FCE8D2 /* VideoFrame.mm */; };
		BEB800CE1A5E52A000FCE8D2 /* VideoProcessor.mm in Sources */ = {isa = PBXBuildFile; fileRef = BEB800C91A5E52A000FCE8D2 /* VideoProcessor.mm */; };
		BEB800CF1A5E52A000FCE8D2 /* WellFinding.mm in Sources */ = {isa = PBXBuildFile; fileRef = BEB800CA1A5E52A000FCE8D2 /* WellFinding.mm */; };
		BEB800D81A5E52B000FCE8D2 /* AssayAnalyzer.mm in Sources */ = {isa = PBXBuildFile; fileRef = BEB800D11A5E52B000FCE8D2 /* AssayAnalyzer.mm */; };
		BEB800D91A5E52B000FCE8D2 /* ConsensusLuminanceMotionAnalyzer.mm in Sources */ = {isa = PBXBuildFile; fileRef = BEB800D31A5E52B000FCE8D2 /* ConsensusLuminanceMotionAnalyzer.mm */; };
		BEB800DA1A5E52B000FCE8D2 /* NullMotionAnalyzer.mm in Sources */ = {isa = PBXBuildFile; fileRef = BEB800D51A5E52B000FCE8D2 /* NullMotionAnalyzer.mm */; };
		BEB800DB1A5E52B000FCE8D2 /* OpticalFlowMotionAnalyzer.mm in Sources */ = {isa = PBXBuildFile; fileRef = BEB800D71A5E52B000FCE8D2 /* OpticalFlowMotionAnalyzer.mm */; };
		BEB800EC1A5E530400FCE8D2 /* ArrayTableView.m in Sources */ = {isa = PBXBuildFile; fileRef = BEB800DD1A5E530400FCE8D2 /* ArrayTableView.m */; };
		BEB800ED1A5E530400FCE8D2 /* DeckLinkCaptureDevice.mm in Sources */ = {isa = PBXBuildFile; fileRef = BEB800DF1A5E530400FCE8D2 /* DeckLinkCaptureDevice.mm */; };
		BEB800EE1A5E530400FCE8D2 /* DocumentController.m in Sources */ = {isa = PBXBuildFile; fileRef = BEB800E11A5E530400FCE8D2 /* DocumentController.m */; };
		BEB800EF1A5E530400FCE8D2 /* Emailer.m in Sources */ = {isa = PBXBuildFile; fileRef = BEB800E31A5E530400FCE8D2 /* Emailer.m */; };
		BEB800F01A5E530400FCE8D2 /* LoggingAndNotificationsSettingsWindowController.m in Sources */ = {isa = PBXBuildFile; fileRef = BEB800E51A5E530400FCE8D2 /* LoggingAndNotificationsSettingsWindowController.m */; };
		BEB800F11A5E530400FCE8D2 /* VideoProcessorController.m in Sources */ = {isa = PBXBuildFile; fileRef = BEB800E71A5E530400FCE8D2 /* VideoProcessorController.m */; };
		BEB800F21A5E530400FCE8D2 /* VideoSourceDocument.m in Sources */ = {isa = PBXBuildFile; fileRef = BEB800E91A5E530400FCE8D2 /* VideoSourceDocument.m */; };
		BEB800F31A5E530400FCE8D2 /* WormAssayAppDelegate.m in Sources */ = {isa = PBXBuildFile; fileRef = BEB800EB1A5E530400FCE8D2 /* WormAssayAppDelegate.m */; };
		BEE1CAD71A5E565300F77BF0 /* main.m in Sources */ = {isa = PBXBuildFile; fileRef = BEE1CAD51A5E565300F77BF0 /* main.m */; };
		BEE1CAE61A5E570C00F77BF0 /* Worm.icns in Resources */ = {isa = PBXBuildFile; fileRef = BEE1CAE11A5E570C00F77BF0 /* Worm.icns */; };
		BEE1CAEF1A5E571F00F77BF0 /* Credits.rtf in Resources */ = {isa = PBXBuildFile; fileRef = BEE1CAE71A5E571F00F77BF0 /* Credits.rtf */; };
		BEE1CAF01A5E571F00F77BF0 /* LoggingAndNotificationsSettings.xib in Resources */ = {isa = PBXBuildFile; fileRef = BEE1CAE91A5E571F00F77BF0 /* LoggingAndNotificationsSettings.xib */; };
		BEE1CAF11A5E571F00F77BF0 /* LoggingPanel.xib in Resources */ = {isa = PBXBuildFile; fileRef = BEE1CAEB1A5E571F00F77BF0 /* LoggingPanel.xib */; };
		BEE1CAF21A5E571F00F77BF0 /* MainMenu.xib in Resources */ = {isa = PBXBuildFile; fileRef = BEE1CAED1A5E571F00F77BF0 /* MainMenu.xib */; };
/* End PBXBuildFile section */

/* Begin PBXContainerItemProxy section */
		219098A713575A7F00EEE2BB /* PBXContainerItemProxy */ = {
			isa = PBXContainerItemProxy;
			containerPortal = 29B97313FDCFA39411CA2CEA /* Project object */;
			proxyType = 1;
			remoteGlobalIDString = 21E778AC12D322A9006C1554;
			remoteInfo = OpenCV;
		};
/* End PBXContainerItemProxy section */

/* Begin PBXCopyFilesBuildPhase section */
		2102C866137910E0000E3D53 /* CopyFiles */ = {
			isa = PBXCopyFilesBuildPhase;
			buildActionMask = 2147483647;
			dstPath = "";
			dstSubfolderSpec = 6;
			files = (
			);
			runOnlyForDeploymentPostprocessing = 0;
		};
/* End PBXCopyFilesBuildPhase section */

/* Begin PBXFileReference section */
		213D430425918A40001D0C18 /* NSOperationQueue-Utility.h */ = {isa = PBXFileReference; lastKnownFileType = sourcecode.c.h; path = "NSOperationQueue-Utility.h"; sourceTree = "<group>"; };
		213D430525918A40001D0C18 /* NSOperationQueue-Utility.m */ = {isa = PBXFileReference; lastKnownFileType = sourcecode.c.objc; path = "NSOperationQueue-Utility.m"; sourceTree = "<group>"; };
		218DD5271345253D000B6475 /* libz.dylib */ = {isa = PBXFileReference; lastKnownFileType = "compiled.mach-o.dylib"; name = libz.dylib; path = usr/lib/libz.dylib; sourceTree = SDKROOT; };
		218DD53013453FC5000B6475 /* WormAssay.app */ = {isa = PBXFileReference; explicitFileType = wrapper.application; includeInIndex = 0; path = WormAssay.app; sourceTree = BUILT_PRODUCTS_DIR; };
		218DD53213453FC5000B6475 /* Cocoa.framework */ = {isa = PBXFileReference; lastKnownFileType = wrapper.framework; name = Cocoa.framework; path = System/Library/Frameworks/Cocoa.framework; sourceTree = SDKROOT; };
		219099D01357A05300EEE2BB /* libiconv.dylib */ = {isa = PBXFileReference; lastKnownFileType = "compiled.mach-o.dylib"; name = libiconv.dylib; path = usr/lib/libiconv.dylib; sourceTree = SDKROOT; };
		2190AF17135B6E4A00C3853B /* IOKit.framework */ = {isa = PBXFileReference; lastKnownFileType = wrapper.framework; name = IOKit.framework; path = System/Library/Frameworks/IOKit.framework; sourceTree = SDKROOT; };
		21A326972578573E00E5B80E /* DeckLinkAPIDispatch.cpp */ = {isa = PBXFileReference; fileEncoding = 4; lastKnownFileType = sourcecode.cpp.cpp; path = DeckLinkAPIDispatch.cpp; sourceTree = "<group>"; };
		21A326AF2578573E00E5B80E /* DeckLinkAPI.h */ = {isa = PBXFileReference; fileEncoding = 4; lastKnownFileType = sourcecode.c.h; path = DeckLinkAPI.h; sourceTree = "<group>"; };
		21A327D02578578600E5B80E /* LICENSE */ = {isa = PBXFileReference; fileEncoding = 4; lastKnownFileType = text; path = LICENSE; sourceTree = "<group>"; };
		21A327D62578578600E5B80E /* tracking.hpp */ = {isa = PBXFileReference; fileEncoding = 4; lastKnownFileType = sourcecode.cpp.h; path = tracking.hpp; sourceTree = "<group>"; };
		21A327D72578578600E5B80E /* background_segm.hpp */ = {isa = PBXFileReference; fileEncoding = 4; lastKnownFileType = sourcecode.cpp.h; path = background_segm.hpp; sourceTree = "<group>"; };
		21A327D82578578600E5B80E /* video.hpp */ = {isa = PBXFileReference; fileEncoding = 4; lastKnownFileType = sourcecode.cpp.h; path = video.hpp; sourceTree = "<group>"; };
		21A327D92578578600E5B80E /* video.hpp */ = {isa = PBXFileReference; fileEncoding = 4; lastKnownFileType = sourcecode.cpp.h; path = video.hpp; sourceTree = "<group>"; };
		21A327DB2578578600E5B80E /* lkpyramid.hpp */ = {isa = PBXFileReference; fileEncoding = 4; lastKnownFileType = sourcecode.cpp.h; path = lkpyramid.hpp; sourceTree = "<group>"; };
		21A327DC2578578600E5B80E /* precomp.hpp */ = {isa = PBXFileReference; fileEncoding = 4; lastKnownFileType = sourcecode.cpp.h; path = precomp.hpp; sourceTree = "<group>"; };
		21A327DD2578578600E5B80E /* simpleflow.cpp */ = {isa = PBXFileReference; fileEncoding = 4; lastKnownFileType = sourcecode.cpp.cpp; path = simpleflow.cpp; sourceTree = "<group>"; };
		21A327DE2578578600E5B80E /* bgfg_gmg.cpp */ = {isa = PBXFileReference; fileEncoding = 4; lastKnownFileType = sourcecode.cpp.cpp; path = bgfg_gmg.cpp; sourceTree = "<group>"; };
		21A327DF2578578600E5B80E /* video_init.cpp */ = {isa = PBXFileReference; fileEncoding = 4; lastKnownFileType = sourcecode.cpp.cpp; path = video_init.cpp; sourceTree = "<group>"; };
		21A327E02578578600E5B80E /* kalman.cpp */ = {isa = PBXFileReference; fileEncoding = 4; lastKnownFileType = sourcecode.cpp.cpp; path = kalman.cpp; sourceTree = "<group>"; };
		21A327E12578578600E5B80E /* motempl.cpp */ = {isa = PBXFileReference; fileEncoding = 4; lastKnownFileType = sourcecode.cpp.cpp; path = motempl.cpp; sourceTree = "<group>"; };
		21A327E22578578600E5B80E /* bgfg_gaussmix2.cpp */ = {isa = PBXFileReference; fileEncoding = 4; lastKnownFileType = sourcecode.cpp.cpp; path = bgfg_gaussmix2.cpp; sourceTree = "<group>"; };
		21A327E32578578600E5B80E /* camshift.cpp */ = {isa = PBXFileReference; fileEncoding = 4; lastKnownFileType = sourcecode.cpp.cpp; path = camshift.cpp; sourceTree = "<group>"; };
		21A327E42578578600E5B80E /* lkpyramid.cpp */ = {isa = PBXFileReference; fileEncoding = 4; lastKnownFileType = sourcecode.cpp.cpp; path = lkpyramid.cpp; sourceTree = "<group>"; };
		21A327E52578578600E5B80E /* optflowgf.cpp */ = {isa = PBXFileReference; fileEncoding = 4; lastKnownFileType = sourcecode.cpp.cpp; path = optflowgf.cpp; sourceTree = "<group>"; };
		21A327E62578578600E5B80E /* simpleflow.hpp */ = {isa = PBXFileReference; fileEncoding = 4; lastKnownFileType = sourcecode.cpp.h; path = simpleflow.hpp; sourceTree = "<group>"; };
		21A327E72578578600E5B80E /* bgfg_gaussmix.cpp */ = {isa = PBXFileReference; fileEncoding = 4; lastKnownFileType = sourcecode.cpp.cpp; path = bgfg_gaussmix.cpp; sourceTree = "<group>"; };
		21A327E82578578600E5B80E /* tvl1flow.cpp */ = {isa = PBXFileReference; fileEncoding = 4; lastKnownFileType = sourcecode.cpp.cpp; path = tvl1flow.cpp; sourceTree = "<group>"; };
		21A327ED2578578600E5B80E /* cuda_devptrs.hpp */ = {isa = PBXFileReference; fileEncoding = 4; lastKnownFileType = sourcecode.cpp.h; path = cuda_devptrs.hpp; sourceTree = "<group>"; };
		21A327EE2578578600E5B80E /* opengl_interop.hpp */ = {isa = PBXFileReference; fileEncoding = 4; lastKnownFileType = sourcecode.cpp.h; path = opengl_interop.hpp; sourceTree = "<group>"; };
		21A327EF2578578600E5B80E /* eigen.hpp */ = {isa = PBXFileReference; fileEncoding = 4; lastKnownFileType = sourcecode.cpp.h; path = eigen.hpp; sourceTree = "<group>"; };
		21A327F02578578600E5B80E /* internal.hpp */ = {isa = PBXFileReference; fileEncoding = 4; lastKnownFileType = sourcecode.cpp.h; path = internal.hpp; sourceTree = "<group>"; };
		21A327F12578578600E5B80E /* gpumat.hpp */ = {isa = PBXFileReference; fileEncoding = 4; lastKnownFileType = sourcecode.cpp.h; path = gpumat.hpp; sourceTree = "<group>"; };
		21A327F22578578600E5B80E /* affine.hpp */ = {isa = PBXFileReference; fileEncoding = 4; lastKnownFileType = sourcecode.cpp.h; path = affine.hpp; sourceTree = "<group>"; };
		21A327F32578578600E5B80E /* mat.hpp */ = {isa = PBXFileReference; fileEncoding = 4; lastKnownFileType = sourcecode.cpp.h; path = mat.hpp; sourceTree = "<group>"; };
		21A327F42578578600E5B80E /* devmem2d.hpp */ = {isa = PBXFileReference; fileEncoding = 4; lastKnownFileType = sourcecode.cpp.h; path = devmem2d.hpp; sourceTree = "<group>"; };
		21A327F52578578600E5B80E /* version.hpp */ = {isa = PBXFileReference; fileEncoding = 4; lastKnownFileType = sourcecode.cpp.h; path = version.hpp; sourceTree = "<group>"; };
		21A327F62578578600E5B80E /* operations.hpp */ = {isa = PBXFileReference; fileEncoding = 4; lastKnownFileType = sourcecode.cpp.h; path = operations.hpp; sourceTree = "<group>"; };
		21A327F72578578600E5B80E /* types_c.h */ = {isa = PBXFileReference; fileEncoding = 4; lastKnownFileType = sourcecode.c.h; path = types_c.h; sourceTree = "<group>"; };
		21A327F82578578600E5B80E /* core_c.h */ = {isa = PBXFileReference; fileEncoding = 4; lastKnownFileType = sourcecode.c.h; path = core_c.h; sourceTree = "<group>"; };
		21A327F92578578600E5B80E /* opengl_interop_deprecated.hpp */ = {isa = PBXFileReference; fileEncoding = 4; lastKnownFileType = sourcecode.cpp.h; path = opengl_interop_deprecated.hpp; sourceTree = "<group>"; };
		21A327FA2578578600E5B80E /* core.hpp */ = {isa = PBXFileReference; fileEncoding = 4; lastKnownFileType = sourcecode.cpp.h; path = core.hpp; sourceTree = "<group>"; };
		21A327FB2578578600E5B80E /* wimage.hpp */ = {isa = PBXFileReference; fileEncoding = 4; lastKnownFileType = sourcecode.cpp.h; path = wimage.hpp; sourceTree = "<group>"; };
		21A327FC2578578600E5B80E /* core.hpp */ = {isa = PBXFileReference; fileEncoding = 4; lastKnownFileType = sourcecode.cpp.h; path = core.hpp; sourceTree = "<group>"; };
		21A327FE2578578600E5B80E /* precomp.hpp */ = {isa = PBXFileReference; fileEncoding = 4; lastKnownFileType = sourcecode.cpp.h; path = precomp.hpp; sourceTree = "<group>"; };
		21A327FF2578578600E5B80E /* dxt.cpp */ = {isa = PBXFileReference; fileEncoding = 4; lastKnownFileType = sourcecode.cpp.cpp; path = dxt.cpp; sourceTree = "<group>"; };
		21A328002578578600E5B80E /* copy.cpp */ = {isa = PBXFileReference; fileEncoding = 4; lastKnownFileType = sourcecode.cpp.cpp; path = copy.cpp; sourceTree = "<group>"; };
		21A328012578578600E5B80E /* stat.cpp */ = {isa = PBXFileReference; fileEncoding = 4; lastKnownFileType = sourcecode.cpp.cpp; path = stat.cpp; sourceTree = "<group>"; };
		21A328022578578600E5B80E /* opengl_interop_deprecated.cpp */ = {isa = PBXFileReference; fileEncoding = 4; lastKnownFileType = sourcecode.cpp.cpp; path = opengl_interop_deprecated.cpp; sourceTree = "<group>"; };
		21A328032578578600E5B80E /* gl_core_3_1.cpp */ = {isa = PBXFileReference; fileEncoding = 4; lastKnownFileType = sourcecode.cpp.cpp; path = gl_core_3_1.cpp; sourceTree = "<group>"; };
		21A328042578578600E5B80E /* parallel.cpp */ = {isa = PBXFileReference; fileEncoding = 4; lastKnownFileType = sourcecode.cpp.cpp; path = parallel.cpp; sourceTree = "<group>"; };
		21A328052578578600E5B80E /* matmul.cpp */ = {isa = PBXFileReference; fileEncoding = 4; lastKnownFileType = sourcecode.cpp.cpp; path = matmul.cpp; sourceTree = "<group>"; };
		21A328062578578600E5B80E /* convert.cpp */ = {isa = PBXFileReference; fileEncoding = 4; lastKnownFileType = sourcecode.cpp.cpp; path = convert.cpp; sourceTree = "<group>"; };
		21A328072578578600E5B80E /* tables.cpp */ = {isa = PBXFileReference; fileEncoding = 4; lastKnownFileType = sourcecode.cpp.cpp; path = tables.cpp; sourceTree = "<group>"; };
		21A328082578578600E5B80E /* mathfuncs.cpp */ = {isa = PBXFileReference; fileEncoding = 4; lastKnownFileType = sourcecode.cpp.cpp; path = mathfuncs.cpp; sourceTree = "<group>"; };
		21A328092578578600E5B80E /* persistence.cpp */ = {isa = PBXFileReference; fileEncoding = 4; lastKnownFileType = sourcecode.cpp.cpp; path = persistence.cpp; sourceTree = "<group>"; };
		21A3280A2578578600E5B80E /* lapack.cpp */ = {isa = PBXFileReference; fileEncoding = 4; lastKnownFileType = sourcecode.cpp.cpp; path = lapack.cpp; sourceTree = "<group>"; };
		21A3280B2578578600E5B80E /* out.cpp */ = {isa = PBXFileReference; fileEncoding = 4; lastKnownFileType = sourcecode.cpp.cpp; path = out.cpp; sourceTree = "<group>"; };
		21A3280C2578578600E5B80E /* drawing.cpp */ = {isa = PBXFileReference; fileEncoding = 4; lastKnownFileType = sourcecode.cpp.cpp; path = drawing.cpp; sourceTree = "<group>"; };
		21A3280D2578578600E5B80E /* array.cpp */ = {isa = PBXFileReference; fileEncoding = 4; lastKnownFileType = sourcecode.cpp.cpp; path = array.cpp; sourceTree = "<group>"; };
		21A3280E2578578600E5B80E /* arithm.cpp */ = {isa = PBXFileReference; fileEncoding = 4; lastKnownFileType = sourcecode.cpp.cpp; path = arithm.cpp; sourceTree = "<group>"; };
		21A3280F2578578600E5B80E /* alloc.cpp */ = {isa = PBXFileReference; fileEncoding = 4; lastKnownFileType = sourcecode.cpp.cpp; path = alloc.cpp; sourceTree = "<group>"; };
		21A328102578578600E5B80E /* matop.cpp */ = {isa = PBXFileReference; fileEncoding = 4; lastKnownFileType = sourcecode.cpp.cpp; path = matop.cpp; sourceTree = "<group>"; };
		21A328112578578600E5B80E /* rand.cpp */ = {isa = PBXFileReference; fileEncoding = 4; lastKnownFileType = sourcecode.cpp.cpp; path = rand.cpp; sourceTree = "<group>"; };
		21A328122578578600E5B80E /* algorithm.cpp */ = {isa = PBXFileReference; fileEncoding = 4; lastKnownFileType = sourcecode.cpp.cpp; path = algorithm.cpp; sourceTree = "<group>"; };
		21A328132578578600E5B80E /* system.cpp */ = {isa = PBXFileReference; fileEncoding = 4; lastKnownFileType = sourcecode.cpp.cpp; path = system.cpp; sourceTree = "<group>"; };
		21A328142578578600E5B80E /* gpumat.cpp */ = {isa = PBXFileReference; fileEncoding = 4; lastKnownFileType = sourcecode.cpp.cpp; path = gpumat.cpp; sourceTree = "<group>"; };
		21A328152578578600E5B80E /* cmdparser.cpp */ = {isa = PBXFileReference; fileEncoding = 4; lastKnownFileType = sourcecode.cpp.cpp; path = cmdparser.cpp; sourceTree = "<group>"; };
		21A328162578578600E5B80E /* matrix.cpp */ = {isa = PBXFileReference; fileEncoding = 4; lastKnownFileType = sourcecode.cpp.cpp; path = matrix.cpp; sourceTree = "<group>"; };
		21A328172578578600E5B80E /* glob.cpp */ = {isa = PBXFileReference; fileEncoding = 4; lastKnownFileType = sourcecode.cpp.cpp; path = glob.cpp; sourceTree = "<group>"; };
		21A328182578578600E5B80E /* opengl_interop.cpp */ = {isa = PBXFileReference; fileEncoding = 4; lastKnownFileType = sourcecode.cpp.cpp; path = opengl_interop.cpp; sourceTree = "<group>"; };
		21A328192578578600E5B80E /* datastructs.cpp */ = {isa = PBXFileReference; fileEncoding = 4; lastKnownFileType = sourcecode.cpp.cpp; path = datastructs.cpp; sourceTree = "<group>"; };
		21A3281A2578578600E5B80E /* gl_core_3_1.hpp */ = {isa = PBXFileReference; fileEncoding = 4; lastKnownFileType = sourcecode.cpp.h; path = gl_core_3_1.hpp; sourceTree = "<group>"; };
		21A3281E2578578600E5B80E /* imgproc.hpp */ = {isa = PBXFileReference; fileEncoding = 4; lastKnownFileType = sourcecode.cpp.h; path = imgproc.hpp; sourceTree = "<group>"; };
		21A328202578578600E5B80E /* imgproc.hpp */ = {isa = PBXFileReference; fileEncoding = 4; lastKnownFileType = sourcecode.cpp.h; path = imgproc.hpp; sourceTree = "<group>"; };
		21A328212578578600E5B80E /* imgproc_c.h */ = {isa = PBXFileReference; fileEncoding = 4; lastKnownFileType = sourcecode.c.h; path = imgproc_c.h; sourceTree = "<group>"; };
		21A328222578578600E5B80E /* types_c.h */ = {isa = PBXFileReference; fileEncoding = 4; lastKnownFileType = sourcecode.c.h; path = types_c.h; sourceTree = "<group>"; };
		21A328242578578600E5B80E /* cornersubpix.cpp */ = {isa = PBXFileReference; fileEncoding = 4; lastKnownFileType = sourcecode.cpp.cpp; path = cornersubpix.cpp; sourceTree = "<group>"; };
		21A328252578578600E5B80E /* corner.cpp */ = {isa = PBXFileReference; fileEncoding = 4; lastKnownFileType = sourcecode.cpp.cpp; path = corner.cpp; sourceTree = "<group>"; };
		21A328262578578600E5B80E /* rotcalipers.cpp */ = {isa = PBXFileReference; fileEncoding = 4; lastKnownFileType = sourcecode.cpp.cpp; path = rotcalipers.cpp; sourceTree = "<group>"; };
		21A328272578578600E5B80E /* clahe.cpp */ = {isa = PBXFileReference; fileEncoding = 4; lastKnownFileType = sourcecode.cpp.cpp; path = clahe.cpp; sourceTree = "<group>"; };
		21A328292578578600E5B80E /* imgwarp_avx2.hpp */ = {isa = PBXFileReference; fileEncoding = 4; lastKnownFileType = sourcecode.cpp.h; path = imgwarp_avx2.hpp; sourceTree = "<group>"; };
		21A3282A2578578600E5B80E /* imgwarp_avx2.cpp */ = {isa = PBXFileReference; fileEncoding = 4; lastKnownFileType = sourcecode.cpp.cpp; path = imgwarp_avx2.cpp; sourceTree = "<group>"; };
		21A3282B2578578600E5B80E /* utils.cpp */ = {isa = PBXFileReference; fileEncoding = 4; lastKnownFileType = sourcecode.cpp.cpp; path = utils.cpp; sourceTree = "<group>"; };
		21A3282C2578578600E5B80E /* geometry.cpp */ = {isa = PBXFileReference; fileEncoding = 4; lastKnownFileType = sourcecode.cpp.cpp; path = geometry.cpp; sourceTree = "<group>"; };
		21A3282D2578578600E5B80E /* precomp.hpp */ = {isa = PBXFileReference; fileEncoding = 4; lastKnownFileType = sourcecode.cpp.h; path = precomp.hpp; sourceTree = "<group>"; };
		21A3282E2578578600E5B80E /* matchcontours.cpp */ = {isa = PBXFileReference; fileEncoding = 4; lastKnownFileType = sourcecode.cpp.cpp; path = matchcontours.cpp; sourceTree = "<group>"; };
		21A3282F2578578600E5B80E /* approx.cpp */ = {isa = PBXFileReference; fileEncoding = 4; lastKnownFileType = sourcecode.cpp.cpp; path = approx.cpp; sourceTree = "<group>"; };
		21A328302578578600E5B80E /* morph.cpp */ = {isa = PBXFileReference; fileEncoding = 4; lastKnownFileType = sourcecode.cpp.cpp; path = morph.cpp; sourceTree = "<group>"; };
		21A328312578578600E5B80E /* pyramids.cpp */ = {isa = PBXFileReference; fileEncoding = 4; lastKnownFileType = sourcecode.cpp.cpp; path = pyramids.cpp; sourceTree = "<group>"; };
		21A328322578578600E5B80E /* shapedescr.cpp */ = {isa = PBXFileReference; fileEncoding = 4; lastKnownFileType = sourcecode.cpp.cpp; path = shapedescr.cpp; sourceTree = "<group>"; };
		21A328332578578600E5B80E /* generalized_hough.cpp */ = {isa = PBXFileReference; fileEncoding = 4; lastKnownFileType = sourcecode.cpp.cpp; path = generalized_hough.cpp; sourceTree = "<group>"; };
		21A328342578578600E5B80E /* _geom.h */ = {isa = PBXFileReference; fileEncoding = 4; lastKnownFileType = sourcecode.c.h; path = _geom.h; sourceTree = "<group>"; };
		21A328352578578600E5B80E /* _list.h */ = {isa = PBXFileReference; fileEncoding = 4; lastKnownFileType = sourcecode.c.h; path = _list.h; sourceTree = "<group>"; };
		21A328362578578600E5B80E /* templmatch.cpp */ = {isa = PBXFileReference; fileEncoding = 4; lastKnownFileType = sourcecode.cpp.cpp; path = templmatch.cpp; sourceTree = "<group>"; };
		21A328372578578600E5B80E /* smooth.cpp */ = {isa = PBXFileReference; fileEncoding = 4; lastKnownFileType = sourcecode.cpp.cpp; path = smooth.cpp; sourceTree = "<group>"; };
		21A328382578578600E5B80E /* segmentation.cpp */ = {isa = PBXFileReference; fileEncoding = 4; lastKnownFileType = sourcecode.cpp.cpp; path = segmentation.cpp; sourceTree = "<group>"; };
		21A328392578578600E5B80E /* subdivision2d.cpp */ = {isa = PBXFileReference; fileEncoding = 4; lastKnownFileType = sourcecode.cpp.cpp; path = subdivision2d.cpp; sourceTree = "<group>"; };
		21A3283A2578578600E5B80E /* undistort.cpp */ = {isa = PBXFileReference; fileEncoding = 4; lastKnownFileType = sourcecode.cpp.cpp; path = undistort.cpp; sourceTree = "<group>"; };
		21A3283B2578578600E5B80E /* emd.cpp */ = {isa = PBXFileReference; fileEncoding = 4; lastKnownFileType = sourcecode.cpp.cpp; path = emd.cpp; sourceTree = "<group>"; };
		21A3283C2578578600E5B80E /* featureselect.cpp */ = {isa = PBXFileReference; fileEncoding = 4; lastKnownFileType = sourcecode.cpp.cpp; path = featureselect.cpp; sourceTree = "<group>"; };
		21A3283D2578578600E5B80E /* gabor.cpp */ = {isa = PBXFileReference; fileEncoding = 4; lastKnownFileType = sourcecode.cpp.cpp; path = gabor.cpp; sourceTree = "<group>"; };
		21A3283E2578578600E5B80E /* phasecorr.cpp */ = {isa = PBXFileReference; fileEncoding = 4; lastKnownFileType = sourcecode.cpp.cpp; path = phasecorr.cpp; sourceTree = "<group>"; };
		21A3283F2578578600E5B80E /* hough.cpp */ = {isa = PBXFileReference; fileEncoding = 4; lastKnownFileType = sourcecode.cpp.cpp; path = hough.cpp; sourceTree = "<group>"; };
		21A328402578578600E5B80E /* tables.cpp */ = {isa = PBXFileReference; fileEncoding = 4; lastKnownFileType = sourcecode.cpp.cpp; path = tables.cpp; sourceTree = "<group>"; };
		21A328412578578600E5B80E /* filter.cpp */ = {isa = PBXFileReference; fileEncoding = 4; lastKnownFileType = sourcecode.cpp.cpp; path = filter.cpp; sourceTree = "<group>"; };
		21A328422578578600E5B80E /* gcgraph.hpp */ = {isa = PBXFileReference; fileEncoding = 4; lastKnownFileType = sourcecode.cpp.h; path = gcgraph.hpp; sourceTree = "<group>"; };
		21A328432578578600E5B80E /* color.cpp */ = {isa = PBXFileReference; fileEncoding = 4; lastKnownFileType = sourcecode.cpp.cpp; path = color.cpp; sourceTree = "<group>"; };
		21A328442578578600E5B80E /* imgwarp.cpp */ = {isa = PBXFileReference; fileEncoding = 4; lastKnownFileType = sourcecode.cpp.cpp; path = imgwarp.cpp; sourceTree = "<group>"; };
		21A328452578578600E5B80E /* thresh.cpp */ = {isa = PBXFileReference; fileEncoding = 4; lastKnownFileType = sourcecode.cpp.cpp; path = thresh.cpp; sourceTree = "<group>"; };
		21A328462578578600E5B80E /* moments.cpp */ = {isa = PBXFileReference; fileEncoding = 4; lastKnownFileType = sourcecode.cpp.cpp; path = moments.cpp; sourceTree = "<group>"; };
		21A328472578578600E5B80E /* accum.cpp */ = {isa = PBXFileReference; fileEncoding = 4; lastKnownFileType = sourcecode.cpp.cpp; path = accum.cpp; sourceTree = "<group>"; };
		21A328482578578600E5B80E /* linefit.cpp */ = {isa = PBXFileReference; fileEncoding = 4; lastKnownFileType = sourcecode.cpp.cpp; path = linefit.cpp; sourceTree = "<group>"; };
		21A328492578578600E5B80E /* histogram.cpp */ = {isa = PBXFileReference; fileEncoding = 4; lastKnownFileType = sourcecode.cpp.cpp; path = histogram.cpp; sourceTree = "<group>"; };
		21A3284B2578578600E5B80E /* imgwarp_avx.hpp */ = {isa = PBXFileReference; fileEncoding = 4; lastKnownFileType = sourcecode.cpp.h; path = imgwarp_avx.hpp; sourceTree = "<group>"; };
		21A3284C2578578600E5B80E /* imgwarp_avx.cpp */ = {isa = PBXFileReference; fileEncoding = 4; lastKnownFileType = sourcecode.cpp.cpp; path = imgwarp_avx.cpp; sourceTree = "<group>"; };
		21A3284D2578578600E5B80E /* canny.cpp */ = {isa = PBXFileReference; fileEncoding = 4; lastKnownFileType = sourcecode.cpp.cpp; path = canny.cpp; sourceTree = "<group>"; };
		21A3284E2578578600E5B80E /* samplers.cpp */ = {isa = PBXFileReference; fileEncoding = 4; lastKnownFileType = sourcecode.cpp.cpp; path = samplers.cpp; sourceTree = "<group>"; };
		21A3284F2578578600E5B80E /* deriv.cpp */ = {isa = PBXFileReference; fileEncoding = 4; lastKnownFileType = sourcecode.cpp.cpp; path = deriv.cpp; sourceTree = "<group>"; };
		21A328502578578600E5B80E /* distransform.cpp */ = {isa = PBXFileReference; fileEncoding = 4; lastKnownFileType = sourcecode.cpp.cpp; path = distransform.cpp; sourceTree = "<group>"; };
		21A328512578578600E5B80E /* contours.cpp */ = {isa = PBXFileReference; fileEncoding = 4; lastKnownFileType = sourcecode.cpp.cpp; path = contours.cpp; sourceTree = "<group>"; };
		21A328522578578600E5B80E /* convhull.cpp */ = {isa = PBXFileReference; fileEncoding = 4; lastKnownFileType = sourcecode.cpp.cpp; path = convhull.cpp; sourceTree = "<group>"; };
		21A328532578578600E5B80E /* floodfill.cpp */ = {isa = PBXFileReference; fileEncoding = 4; lastKnownFileType = sourcecode.cpp.cpp; path = floodfill.cpp; sourceTree = "<group>"; };
		21A328542578578600E5B80E /* grabcut.cpp */ = {isa = PBXFileReference; fileEncoding = 4; lastKnownFileType = sourcecode.cpp.cpp; path = grabcut.cpp; sourceTree = "<group>"; };
		21A328552578578600E5B80E /* sumpixels.cpp */ = {isa = PBXFileReference; fileEncoding = 4; lastKnownFileType = sourcecode.cpp.cpp; path = sumpixels.cpp; sourceTree = "<group>"; };
		21A3285A2578578600E5B80E /* dynamicuda.hpp */ = {isa = PBXFileReference; fileEncoding = 4; lastKnownFileType = sourcecode.cpp.h; path = dynamicuda.hpp; sourceTree = "<group>"; };
		21A3285D2578578600E5B80E /* matrix_operations.cu */ = {isa = PBXFileReference; fileEncoding = 4; lastKnownFileType = text; path = matrix_operations.cu; sourceTree = "<group>"; };
		21A3285E2578578600E5B80E /* main.cpp */ = {isa = PBXFileReference; fileEncoding = 4; lastKnownFileType = sourcecode.cpp.cpp; path = main.cpp; sourceTree = "<group>"; };
		21C040DE25783008009BD442 /* WormAssay.entitlements */ = {isa = PBXFileReference; lastKnownFileType = text.plist.entitlements; path = WormAssay.entitlements; sourceTree = "<group>"; };
		21CC72051347EDD4001146DA /* CoreVideo.framework */ = {isa = PBXFileReference; lastKnownFileType = wrapper.framework; name = CoreVideo.framework; path = System/Library/Frameworks/CoreVideo.framework; sourceTree = SDKROOT; };
		21CC724813484A79001146DA /* QuartzCore.framework */ = {isa = PBXFileReference; lastKnownFileType = wrapper.framework; name = QuartzCore.framework; path = System/Library/Frameworks/QuartzCore.framework; sourceTree = SDKROOT; };
		21DF5A54258D530100D4C272 /* Base */ = {isa = PBXFileReference; lastKnownFileType = file.xib; name = Base; path = Base.lproj/LoggingAndNotificationsSettings.xib; sourceTree = "<group>"; };
		21DF5A55258D530100D4C272 /* Base */ = {isa = PBXFileReference; lastKnownFileType = file.xib; name = Base; path = Base.lproj/LoggingPanel.xib; sourceTree = "<group>"; };
		21DF5A56258D530100D4C272 /* Base */ = {isa = PBXFileReference; lastKnownFileType = file.xib; name = Base; path = Base.lproj/MainMenu.xib; sourceTree = "<group>"; };
		21E4E702258FE8CA00C21256 /* Vision.framework */ = {isa = PBXFileReference; lastKnownFileType = wrapper.framework; name = Vision.framework; path = System/Library/Frameworks/Vision.framework; sourceTree = SDKROOT; };
		21E7790912D322A9006C1554 /* libOpenCV.a */ = {isa = PBXFileReference; explicitFileType = archive.ar; includeInIndex = 0; path = libOpenCV.a; sourceTree = BUILT_PRODUCTS_DIR; };
		21F1F0B8257EEE1E00BA1C09 /* CoreGraphics.framework */ = {isa = PBXFileReference; lastKnownFileType = wrapper.framework; name = CoreGraphics.framework; path = System/Library/Frameworks/CoreGraphics.framework; sourceTree = SDKROOT; };
		BE39A15418249FB800704CA3 /* OpenCL.framework */ = {isa = PBXFileReference; lastKnownFileType = wrapper.framework; name = OpenCL.framework; path = System/Library/Frameworks/OpenCL.framework; sourceTree = SDKROOT; };
		BE3FA2FD180F40C2006BC68C /* AVFoundation.framework */ = {isa = PBXFileReference; lastKnownFileType = wrapper.framework; name = AVFoundation.framework; path = System/Library/Frameworks/AVFoundation.framework; sourceTree = SDKROOT; };
		BE3FA2FF1811DEEE006BC68C /* CoreMedia.framework */ = {isa = PBXFileReference; lastKnownFileType = wrapper.framework; name = CoreMedia.framework; path = System/Library/Frameworks/CoreMedia.framework; sourceTree = SDKROOT; };
		BEB800BD1A5E410200FCE8D2 /* CHANGES.txt */ = {isa = PBXFileReference; lastKnownFileType = text; path = CHANGES.txt; sourceTree = "<group>"; };
		BEB800BE1A5E410200FCE8D2 /* LICENSE.txt */ = {isa = PBXFileReference; lastKnownFileType = text; path = LICENSE.txt; sourceTree = "<group>"; };
		BEB800BF1A5E410200FCE8D2 /* README.md */ = {isa = PBXFileReference; lastKnownFileType = net.daringfireball.markdown; path = README.md; sourceTree = "<group>"; };
		BEB800C01A5E527F00FCE8D2 /* BitmapView.h */ = {isa = PBXFileReference; fileEncoding = 4; lastKnownFileType = sourcecode.c.h; name = BitmapView.h; path = Classes/BitmapView.h; sourceTree = "<group>"; };
		BEB800C11A5E527F00FCE8D2 /* BitmapView.m */ = {isa = PBXFileReference; fileEncoding = 4; lastKnownFileType = sourcecode.c.objc; name = BitmapView.m; path = Classes/BitmapView.m; sourceTree = "<group>"; };
		BEB800C31A5E52A000FCE8D2 /* CvUtilities.hpp */ = {isa = PBXFileReference; fileEncoding = 4; lastKnownFileType = sourcecode.cpp.h; name = CvUtilities.hpp; path = Classes/CvUtilities.hpp; sourceTree = SOURCE_ROOT; };
		BEB800C41A5E52A000FCE8D2 /* PlateData.h */ = {isa = PBXFileReference; fileEncoding = 4; lastKnownFileType = sourcecode.c.h; name = PlateData.h; path = Classes/PlateData.h; sourceTree = SOURCE_ROOT; };
		BEB800C51A5E52A000FCE8D2 /* PlateData.mm */ = {isa = PBXFileReference; fileEncoding = 4; lastKnownFileType = sourcecode.cpp.objcpp; name = PlateData.mm; path = Classes/PlateData.mm; sourceTree = SOURCE_ROOT; };
		BEB800C61A5E52A000FCE8D2 /* VideoFrame.h */ = {isa = PBXFileReference; fileEncoding = 4; lastKnownFileType = sourcecode.c.h; name = VideoFrame.h; path = Classes/VideoFrame.h; sourceTree = SOURCE_ROOT; };
		BEB800C71A5E52A000FCE8D2 /* VideoFrame.mm */ = {isa = PBXFileReference; fileEncoding = 4; lastKnownFileType = sourcecode.cpp.objcpp; name = VideoFrame.mm; path = Classes/VideoFrame.mm; sourceTree = SOURCE_ROOT; };
		BEB800C81A5E52A000FCE8D2 /* VideoProcessor.h */ = {isa = PBXFileReference; fileEncoding = 4; lastKnownFileType = sourcecode.c.h; name = VideoProcessor.h; path = Classes/VideoProcessor.h; sourceTree = SOURCE_ROOT; };
		BEB800C91A5E52A000FCE8D2 /* VideoProcessor.mm */ = {isa = PBXFileReference; fileEncoding = 4; lastKnownFileType = sourcecode.cpp.objcpp; name = VideoProcessor.mm; path = Classes/VideoProcessor.mm; sourceTree = SOURCE_ROOT; };
		BEB800CA1A5E52A000FCE8D2 /* WellFinding.mm */ = {isa = PBXFileReference; fileEncoding = 4; lastKnownFileType = sourcecode.cpp.objcpp; name = WellFinding.mm; path = Classes/WellFinding.mm; sourceTree = SOURCE_ROOT; };
		BEB800CB1A5E52A000FCE8D2 /* WellFinding.hpp */ = {isa = PBXFileReference; fileEncoding = 4; lastKnownFileType = sourcecode.cpp.h; name = WellFinding.hpp; path = Classes/WellFinding.hpp; sourceTree = SOURCE_ROOT; };
		BEB800D01A5E52B000FCE8D2 /* AssayAnalyzer.h */ = {isa = PBXFileReference; fileEncoding = 4; lastKnownFileType = sourcecode.c.h; name = AssayAnalyzer.h; path = Classes/AssayAnalyzer.h; sourceTree = SOURCE_ROOT; };
		BEB800D11A5E52B000FCE8D2 /* AssayAnalyzer.mm */ = {isa = PBXFileReference; fileEncoding = 4; lastKnownFileType = sourcecode.cpp.objcpp; name = AssayAnalyzer.mm; path = Classes/AssayAnalyzer.mm; sourceTree = SOURCE_ROOT; };
		BEB800D21A5E52B000FCE8D2 /* ConsensusLuminanceMotionAnalyzer.h */ = {isa = PBXFileReference; fileEncoding = 4; lastKnownFileType = sourcecode.c.h; name = ConsensusLuminanceMotionAnalyzer.h; path = Classes/ConsensusLuminanceMotionAnalyzer.h; sourceTree = SOURCE_ROOT; };
		BEB800D31A5E52B000FCE8D2 /* ConsensusLuminanceMotionAnalyzer.mm */ = {isa = PBXFileReference; fileEncoding = 4; lastKnownFileType = sourcecode.cpp.objcpp; name = ConsensusLuminanceMotionAnalyzer.mm; path = Classes/ConsensusLuminanceMotionAnalyzer.mm; sourceTree = SOURCE_ROOT; };
		BEB800D41A5E52B000FCE8D2 /* NullMotionAnalyzer.h */ = {isa = PBXFileReference; fileEncoding = 4; lastKnownFileType = sourcecode.c.h; name = NullMotionAnalyzer.h; path = Classes/NullMotionAnalyzer.h; sourceTree = SOURCE_ROOT; };
		BEB800D51A5E52B000FCE8D2 /* NullMotionAnalyzer.mm */ = {isa = PBXFileReference; fileEncoding = 4; lastKnownFileType = sourcecode.cpp.objcpp; name = NullMotionAnalyzer.mm; path = Classes/NullMotionAnalyzer.mm; sourceTree = SOURCE_ROOT; };
		BEB800D61A5E52B000FCE8D2 /* OpticalFlowMotionAnalyzer.h */ = {isa = PBXFileReference; fileEncoding = 4; lastKnownFileType = sourcecode.c.h; name = OpticalFlowMotionAnalyzer.h; path = Classes/OpticalFlowMotionAnalyzer.h; sourceTree = SOURCE_ROOT; };
		BEB800D71A5E52B000FCE8D2 /* OpticalFlowMotionAnalyzer.mm */ = {isa = PBXFileReference; fileEncoding = 4; lastKnownFileType = sourcecode.cpp.objcpp; name = OpticalFlowMotionAnalyzer.mm; path = Classes/OpticalFlowMotionAnalyzer.mm; sourceTree = SOURCE_ROOT; };
		BEB800DC1A5E530400FCE8D2 /* ArrayTableView.h */ = {isa = PBXFileReference; fileEncoding = 4; lastKnownFileType = sourcecode.c.h; name = ArrayTableView.h; path = Classes/ArrayTableView.h; sourceTree = SOURCE_ROOT; };
		BEB800DD1A5E530400FCE8D2 /* ArrayTableView.m */ = {isa = PBXFileReference; fileEncoding = 4; lastKnownFileType = sourcecode.c.objc; name = ArrayTableView.m; path = Classes/ArrayTableView.m; sourceTree = SOURCE_ROOT; };
		BEB800DE1A5E530400FCE8D2 /* DeckLinkCaptureDevice.h */ = {isa = PBXFileReference; fileEncoding = 4; lastKnownFileType = sourcecode.c.h; name = DeckLinkCaptureDevice.h; path = Classes/DeckLinkCaptureDevice.h; sourceTree = SOURCE_ROOT; };
		BEB800DF1A5E530400FCE8D2 /* DeckLinkCaptureDevice.mm */ = {isa = PBXFileReference; fileEncoding = 4; lastKnownFileType = sourcecode.cpp.objcpp; name = DeckLinkCaptureDevice.mm; path = Classes/DeckLinkCaptureDevice.mm; sourceTree = SOURCE_ROOT; };
		BEB800E01A5E530400FCE8D2 /* DocumentController.h */ = {isa = PBXFileReference; fileEncoding = 4; lastKnownFileType = sourcecode.c.h; name = DocumentController.h; path = Classes/DocumentController.h; sourceTree = SOURCE_ROOT; };
		BEB800E11A5E530400FCE8D2 /* DocumentController.m */ = {isa = PBXFileReference; fileEncoding = 4; lastKnownFileType = sourcecode.c.objc; name = DocumentController.m; path = Classes/DocumentController.m; sourceTree = SOURCE_ROOT; };
		BEB800E21A5E530400FCE8D2 /* Emailer.h */ = {isa = PBXFileReference; fileEncoding = 4; lastKnownFileType = sourcecode.c.h; name = Emailer.h; path = Classes/Emailer.h; sourceTree = SOURCE_ROOT; };
		BEB800E31A5E530400FCE8D2 /* Emailer.m */ = {isa = PBXFileReference; fileEncoding = 4; lastKnownFileType = sourcecode.c.objc; name = Emailer.m; path = Classes/Emailer.m; sourceTree = SOURCE_ROOT; };
		BEB800E41A5E530400FCE8D2 /* LoggingAndNotificationsSettingsWindowController.h */ = {isa = PBXFileReference; fileEncoding = 4; lastKnownFileType = sourcecode.c.h; name = LoggingAndNotificationsSettingsWindowController.h; path = Classes/LoggingAndNotificationsSettingsWindowController.h; sourceTree = SOURCE_ROOT; };
		BEB800E51A5E530400FCE8D2 /* LoggingAndNotificationsSettingsWindowController.m */ = {isa = PBXFileReference; fileEncoding = 4; lastKnownFileType = sourcecode.c.objc; name = LoggingAndNotificationsSettingsWindowController.m; path = Classes/LoggingAndNotificationsSettingsWindowController.m; sourceTree = SOURCE_ROOT; };
		BEB800E61A5E530400FCE8D2 /* VideoProcessorController.h */ = {isa = PBXFileReference; fileEncoding = 4; lastKnownFileType = sourcecode.c.h; name = VideoProcessorController.h; path = Classes/VideoProcessorController.h; sourceTree = SOURCE_ROOT; };
		BEB800E71A5E530400FCE8D2 /* VideoProcessorController.m */ = {isa = PBXFileReference; fileEncoding = 4; lastKnownFileType = sourcecode.c.objc; name = VideoProcessorController.m; path = Classes/VideoProcessorController.m; sourceTree = SOURCE_ROOT; };
		BEB800E81A5E530400FCE8D2 /* VideoSourceDocument.h */ = {isa = PBXFileReference; fileEncoding = 4; lastKnownFileType = sourcecode.c.h; name = VideoSourceDocument.h; path = Classes/VideoSourceDocument.h; sourceTree = SOURCE_ROOT; };
		BEB800E91A5E530400FCE8D2 /* VideoSourceDocument.m */ = {isa = PBXFileReference; fileEncoding = 4; lastKnownFileType = sourcecode.c.objc; name = VideoSourceDocument.m; path = Classes/VideoSourceDocument.m; sourceTree = SOURCE_ROOT; };
		BEB800EA1A5E530400FCE8D2 /* WormAssayAppDelegate.h */ = {isa = PBXFileReference; fileEncoding = 4; lastKnownFileType = sourcecode.c.h; name = WormAssayAppDelegate.h; path = Classes/WormAssayAppDelegate.h; sourceTree = SOURCE_ROOT; };
		BEB800EB1A5E530400FCE8D2 /* WormAssayAppDelegate.m */ = {isa = PBXFileReference; fileEncoding = 4; lastKnownFileType = sourcecode.c.objc; name = WormAssayAppDelegate.m; path = Classes/WormAssayAppDelegate.m; sourceTree = SOURCE_ROOT; };
		BEE1CAD51A5E565300F77BF0 /* main.m */ = {isa = PBXFileReference; fileEncoding = 4; lastKnownFileType = sourcecode.c.objc; name = main.m; path = Classes/main.m; sourceTree = "<group>"; };
		BEE1CAE11A5E570C00F77BF0 /* Worm.icns */ = {isa = PBXFileReference; lastKnownFileType = image.icns; name = Worm.icns; path = Resources/Worm.icns; sourceTree = SOURCE_ROOT; };
		BEE1CAE81A5E571F00F77BF0 /* en */ = {isa = PBXFileReference; lastKnownFileType = text.rtf; name = en; path = Resources/en.lproj/Credits.rtf; sourceTree = SOURCE_ROOT; };
		BEE1CAF31A5E573A00F77BF0 /* WormAssay-Info.plist */ = {isa = PBXFileReference; lastKnownFileType = text.plist.xml; path = "WormAssay-Info.plist"; sourceTree = SOURCE_ROOT; };
/* End PBXFileReference section */

/* Begin PBXFrameworksBuildPhase section */
		218DD52D13453FC5000B6475 /* Frameworks */ = {
			isa = PBXFrameworksBuildPhase;
			buildActionMask = 2147483647;
			files = (
				21A52995258D6AD300FF7EA4 /* libz.dylib in Frameworks */,
				218DD53313453FC5000B6475 /* Cocoa.framework in Frameworks */,
				21CC72061347EDD4001146DA /* CoreVideo.framework in Frameworks */,
				21CC724913484A79001146DA /* QuartzCore.framework in Frameworks */,
				BE3FA3001811DEEE006BC68C /* CoreMedia.framework in Frameworks */,
				21A52994258D6AD100FF7EA4 /* libiconv.dylib in Frameworks */,
				21F1F0B9257EEE1E00BA1C09 /* CoreGraphics.framework in Frameworks */,
				BE3FA2FE180F40C2006BC68C /* AVFoundation.framework in Frameworks */,
				2190AF18135B6E4A00C3853B /* IOKit.framework in Frameworks */,
				21E4E703258FE8CA00C21256 /* Vision.framework in Frameworks */,
				218DD54D13453FCE000B6475 /* libOpenCV.a in Frameworks */,
			);
			runOnlyForDeploymentPostprocessing = 0;
		};
		21E7790412D322A9006C1554 /* Frameworks */ = {
			isa = PBXFrameworksBuildPhase;
			buildActionMask = 2147483647;
			files = (
				21A5298D258D6AAA00FF7EA4 /* libiconv.dylib in Frameworks */,
				BE39A15518249FB800704CA3 /* OpenCL.framework in Frameworks */,
				21A5298C258D6AA800FF7EA4 /* libz.dylib in Frameworks */,
			);
			runOnlyForDeploymentPostprocessing = 0;
		};
/* End PBXFrameworksBuildPhase section */

/* Begin PBXGroup section */
		19C28FACFE9D520D11CA2CBB /* Products */ = {
			isa = PBXGroup;
			children = (
				21E7790912D322A9006C1554 /* libOpenCV.a */,
				218DD53013453FC5000B6475 /* WormAssay.app */,
			);
			name = Products;
			sourceTree = "<group>";
		};
		2161366312CD7BFD006687D3 /* Resources */ = {
			isa = PBXGroup;
			children = (
				BEE1CAF31A5E573A00F77BF0 /* WormAssay-Info.plist */,
				BEE1CAE71A5E571F00F77BF0 /* Credits.rtf */,
				BEE1CAE91A5E571F00F77BF0 /* LoggingAndNotificationsSettings.xib */,
				BEE1CAEB1A5E571F00F77BF0 /* LoggingPanel.xib */,
				BEE1CAED1A5E571F00F77BF0 /* MainMenu.xib */,
				BEE1CAE11A5E570C00F77BF0 /* Worm.icns */,
			);
			path = Resources;
			sourceTree = "<group>";
		};
		21910731135E2B3100A12F1F /* Analysis */ = {
			isa = PBXGroup;
			children = (
				BEB800D01A5E52B000FCE8D2 /* AssayAnalyzer.h */,
				BEB800D11A5E52B000FCE8D2 /* AssayAnalyzer.mm */,
				BEB800D21A5E52B000FCE8D2 /* ConsensusLuminanceMotionAnalyzer.h */,
				BEB800D31A5E52B000FCE8D2 /* ConsensusLuminanceMotionAnalyzer.mm */,
				BEB800D61A5E52B000FCE8D2 /* OpticalFlowMotionAnalyzer.h */,
				BEB800D71A5E52B000FCE8D2 /* OpticalFlowMotionAnalyzer.mm */,
				BEB800D41A5E52B000FCE8D2 /* NullMotionAnalyzer.h */,
				BEB800D51A5E52B000FCE8D2 /* NullMotionAnalyzer.mm */,
			);
			name = Analysis;
			path = Classes;
			sourceTree = "<group>";
		};
		21A3268D2578573E00E5B80E /* decklink-15.3 */ = {
			isa = PBXGroup;
			children = (
				21A326972578573E00E5B80E /* DeckLinkAPIDispatch.cpp */,
				21A326AF2578573E00E5B80E /* DeckLinkAPI.h */,
			);
			name = "decklink-15.3";
			path = "ThirdParty/decklink-15.3";
			sourceTree = "<group>";
		};
		21A327CF2578578600E5B80E /* opencv-2.4.13.6-video-imgproc */ = {
			isa = PBXGroup;
			children = (
				21A327D02578578600E5B80E /* LICENSE */,
				21A327D12578578600E5B80E /* modules */,
			);
			name = "opencv-2.4.13.6-video-imgproc";
			path = "ThirdParty/opencv-2.4.13.6-video-imgproc";
			sourceTree = "<group>";
		};
		21A327D12578578600E5B80E /* modules */ = {
			isa = PBXGroup;
			children = (
				21A327D22578578600E5B80E /* video */,
				21A327E92578578600E5B80E /* core */,
				21A3281B2578578600E5B80E /* imgproc */,
				21A328562578578600E5B80E /* dynamicuda */,
			);
			path = modules;
			sourceTree = "<group>";
		};
		21A327D22578578600E5B80E /* video */ = {
			isa = PBXGroup;
			children = (
				21A327D32578578600E5B80E /* include */,
				21A327DA2578578600E5B80E /* src */,
			);
			path = video;
			sourceTree = "<group>";
		};
		21A327D32578578600E5B80E /* include */ = {
			isa = PBXGroup;
			children = (
				21A327D42578578600E5B80E /* opencv2 */,
			);
			path = include;
			sourceTree = "<group>";
		};
		21A327D42578578600E5B80E /* opencv2 */ = {
			isa = PBXGroup;
			children = (
				21A327D52578578600E5B80E /* video */,
				21A327D92578578600E5B80E /* video.hpp */,
			);
			path = opencv2;
			sourceTree = "<group>";
		};
		21A327D52578578600E5B80E /* video */ = {
			isa = PBXGroup;
			children = (
				21A327D62578578600E5B80E /* tracking.hpp */,
				21A327D72578578600E5B80E /* background_segm.hpp */,
				21A327D82578578600E5B80E /* video.hpp */,
			);
			path = video;
			sourceTree = "<group>";
		};
		21A327DA2578578600E5B80E /* src */ = {
			isa = PBXGroup;
			children = (
				21A327DB2578578600E5B80E /* lkpyramid.hpp */,
				21A327DC2578578600E5B80E /* precomp.hpp */,
				21A327DD2578578600E5B80E /* simpleflow.cpp */,
				21A327DE2578578600E5B80E /* bgfg_gmg.cpp */,
				21A327DF2578578600E5B80E /* video_init.cpp */,
				21A327E02578578600E5B80E /* kalman.cpp */,
				21A327E12578578600E5B80E /* motempl.cpp */,
				21A327E22578578600E5B80E /* bgfg_gaussmix2.cpp */,
				21A327E32578578600E5B80E /* camshift.cpp */,
				21A327E42578578600E5B80E /* lkpyramid.cpp */,
				21A327E52578578600E5B80E /* optflowgf.cpp */,
				21A327E62578578600E5B80E /* simpleflow.hpp */,
				21A327E72578578600E5B80E /* bgfg_gaussmix.cpp */,
				21A327E82578578600E5B80E /* tvl1flow.cpp */,
			);
			path = src;
			sourceTree = "<group>";
		};
		21A327E92578578600E5B80E /* core */ = {
			isa = PBXGroup;
			children = (
				21A327EA2578578600E5B80E /* include */,
				21A327FD2578578600E5B80E /* src */,
			);
			path = core;
			sourceTree = "<group>";
		};
		21A327EA2578578600E5B80E /* include */ = {
			isa = PBXGroup;
			children = (
				21A327EB2578578600E5B80E /* opencv2 */,
			);
			path = include;
			sourceTree = "<group>";
		};
		21A327EB2578578600E5B80E /* opencv2 */ = {
			isa = PBXGroup;
			children = (
				21A327EC2578578600E5B80E /* core */,
				21A327FC2578578600E5B80E /* core.hpp */,
			);
			path = opencv2;
			sourceTree = "<group>";
		};
		21A327EC2578578600E5B80E /* core */ = {
			isa = PBXGroup;
			children = (
				21A327ED2578578600E5B80E /* cuda_devptrs.hpp */,
				21A327EE2578578600E5B80E /* opengl_interop.hpp */,
				21A327EF2578578600E5B80E /* eigen.hpp */,
				21A327F02578578600E5B80E /* internal.hpp */,
				21A327F12578578600E5B80E /* gpumat.hpp */,
				21A327F22578578600E5B80E /* affine.hpp */,
				21A327F32578578600E5B80E /* mat.hpp */,
				21A327F42578578600E5B80E /* devmem2d.hpp */,
				21A327F52578578600E5B80E /* version.hpp */,
				21A327F62578578600E5B80E /* operations.hpp */,
				21A327F72578578600E5B80E /* types_c.h */,
				21A327F82578578600E5B80E /* core_c.h */,
				21A327F92578578600E5B80E /* opengl_interop_deprecated.hpp */,
				21A327FA2578578600E5B80E /* core.hpp */,
				21A327FB2578578600E5B80E /* wimage.hpp */,
			);
			path = core;
			sourceTree = "<group>";
		};
		21A327FD2578578600E5B80E /* src */ = {
			isa = PBXGroup;
			children = (
				21A327FE2578578600E5B80E /* precomp.hpp */,
				21A327FF2578578600E5B80E /* dxt.cpp */,
				21A328002578578600E5B80E /* copy.cpp */,
				21A328012578578600E5B80E /* stat.cpp */,
				21A328022578578600E5B80E /* opengl_interop_deprecated.cpp */,
				21A328032578578600E5B80E /* gl_core_3_1.cpp */,
				21A328042578578600E5B80E /* parallel.cpp */,
				21A328052578578600E5B80E /* matmul.cpp */,
				21A328062578578600E5B80E /* convert.cpp */,
				21A328072578578600E5B80E /* tables.cpp */,
				21A328082578578600E5B80E /* mathfuncs.cpp */,
				21A328092578578600E5B80E /* persistence.cpp */,
				21A3280A2578578600E5B80E /* lapack.cpp */,
				21A3280B2578578600E5B80E /* out.cpp */,
				21A3280C2578578600E5B80E /* drawing.cpp */,
				21A3280D2578578600E5B80E /* array.cpp */,
				21A3280E2578578600E5B80E /* arithm.cpp */,
				21A3280F2578578600E5B80E /* alloc.cpp */,
				21A328102578578600E5B80E /* matop.cpp */,
				21A328112578578600E5B80E /* rand.cpp */,
				21A328122578578600E5B80E /* algorithm.cpp */,
				21A328132578578600E5B80E /* system.cpp */,
				21A328142578578600E5B80E /* gpumat.cpp */,
				21A328152578578600E5B80E /* cmdparser.cpp */,
				21A328162578578600E5B80E /* matrix.cpp */,
				21A328172578578600E5B80E /* glob.cpp */,
				21A328182578578600E5B80E /* opengl_interop.cpp */,
				21A328192578578600E5B80E /* datastructs.cpp */,
				21A3281A2578578600E5B80E /* gl_core_3_1.hpp */,
			);
			path = src;
			sourceTree = "<group>";
		};
		21A3281B2578578600E5B80E /* imgproc */ = {
			isa = PBXGroup;
			children = (
				21A3281C2578578600E5B80E /* include */,
				21A328232578578600E5B80E /* src */,
			);
			path = imgproc;
			sourceTree = "<group>";
		};
		21A3281C2578578600E5B80E /* include */ = {
			isa = PBXGroup;
			children = (
				21A3281D2578578600E5B80E /* opencv2 */,
			);
			path = include;
			sourceTree = "<group>";
		};
		21A3281D2578578600E5B80E /* opencv2 */ = {
			isa = PBXGroup;
			children = (
				21A3281E2578578600E5B80E /* imgproc.hpp */,
				21A3281F2578578600E5B80E /* imgproc */,
			);
			path = opencv2;
			sourceTree = "<group>";
		};
		21A3281F2578578600E5B80E /* imgproc */ = {
			isa = PBXGroup;
			children = (
				21A328202578578600E5B80E /* imgproc.hpp */,
				21A328212578578600E5B80E /* imgproc_c.h */,
				21A328222578578600E5B80E /* types_c.h */,
			);
			path = imgproc;
			sourceTree = "<group>";
		};
		21A328232578578600E5B80E /* src */ = {
			isa = PBXGroup;
			children = (
				21A328242578578600E5B80E /* cornersubpix.cpp */,
				21A328252578578600E5B80E /* corner.cpp */,
				21A328262578578600E5B80E /* rotcalipers.cpp */,
				21A328272578578600E5B80E /* clahe.cpp */,
				21A328282578578600E5B80E /* avx2 */,
				21A3282B2578578600E5B80E /* utils.cpp */,
				21A3282C2578578600E5B80E /* geometry.cpp */,
				21A3282D2578578600E5B80E /* precomp.hpp */,
				21A3282E2578578600E5B80E /* matchcontours.cpp */,
				21A3282F2578578600E5B80E /* approx.cpp */,
				21A328302578578600E5B80E /* morph.cpp */,
				21A328312578578600E5B80E /* pyramids.cpp */,
				21A328322578578600E5B80E /* shapedescr.cpp */,
				21A328332578578600E5B80E /* generalized_hough.cpp */,
				21A328342578578600E5B80E /* _geom.h */,
				21A328352578578600E5B80E /* _list.h */,
				21A328362578578600E5B80E /* templmatch.cpp */,
				21A328372578578600E5B80E /* smooth.cpp */,
				21A328382578578600E5B80E /* segmentation.cpp */,
				21A328392578578600E5B80E /* subdivision2d.cpp */,
				21A3283A2578578600E5B80E /* undistort.cpp */,
				21A3283B2578578600E5B80E /* emd.cpp */,
				21A3283C2578578600E5B80E /* featureselect.cpp */,
				21A3283D2578578600E5B80E /* gabor.cpp */,
				21A3283E2578578600E5B80E /* phasecorr.cpp */,
				21A3283F2578578600E5B80E /* hough.cpp */,
				21A328402578578600E5B80E /* tables.cpp */,
				21A328412578578600E5B80E /* filter.cpp */,
				21A328422578578600E5B80E /* gcgraph.hpp */,
				21A328432578578600E5B80E /* color.cpp */,
				21A328442578578600E5B80E /* imgwarp.cpp */,
				21A328452578578600E5B80E /* thresh.cpp */,
				21A328462578578600E5B80E /* moments.cpp */,
				21A328472578578600E5B80E /* accum.cpp */,
				21A328482578578600E5B80E /* linefit.cpp */,
				21A328492578578600E5B80E /* histogram.cpp */,
				21A3284A2578578600E5B80E /* avx */,
				21A3284D2578578600E5B80E /* canny.cpp */,
				21A3284E2578578600E5B80E /* samplers.cpp */,
				21A3284F2578578600E5B80E /* deriv.cpp */,
				21A328502578578600E5B80E /* distransform.cpp */,
				21A328512578578600E5B80E /* contours.cpp */,
				21A328522578578600E5B80E /* convhull.cpp */,
				21A328532578578600E5B80E /* floodfill.cpp */,
				21A328542578578600E5B80E /* grabcut.cpp */,
				21A328552578578600E5B80E /* sumpixels.cpp */,
			);
			path = src;
			sourceTree = "<group>";
		};
		21A328282578578600E5B80E /* avx2 */ = {
			isa = PBXGroup;
			children = (
				21A328292578578600E5B80E /* imgwarp_avx2.hpp */,
				21A3282A2578578600E5B80E /* imgwarp_avx2.cpp */,
			);
			path = avx2;
			sourceTree = "<group>";
		};
		21A3284A2578578600E5B80E /* avx */ = {
			isa = PBXGroup;
			children = (
				21A3284B2578578600E5B80E /* imgwarp_avx.hpp */,
				21A3284C2578578600E5B80E /* imgwarp_avx.cpp */,
			);
			path = avx;
			sourceTree = "<group>";
		};
		21A328562578578600E5B80E /* dynamicuda */ = {
			isa = PBXGroup;
			children = (
				21A328572578578600E5B80E /* include */,
				21A3285B2578578600E5B80E /* src */,
			);
			path = dynamicuda;
			sourceTree = "<group>";
		};
		21A328572578578600E5B80E /* include */ = {
			isa = PBXGroup;
			children = (
				21A328582578578600E5B80E /* opencv2 */,
			);
			path = include;
			sourceTree = "<group>";
		};
		21A328582578578600E5B80E /* opencv2 */ = {
			isa = PBXGroup;
			children = (
				21A328592578578600E5B80E /* dynamicuda */,
			);
			path = opencv2;
			sourceTree = "<group>";
		};
		21A328592578578600E5B80E /* dynamicuda */ = {
			isa = PBXGroup;
			children = (
				21A3285A2578578600E5B80E /* dynamicuda.hpp */,
			);
			path = dynamicuda;
			sourceTree = "<group>";
		};
		21A3285B2578578600E5B80E /* src */ = {
			isa = PBXGroup;
			children = (
				21A3285C2578578600E5B80E /* cuda */,
				21A3285E2578578600E5B80E /* main.cpp */,
			);
			path = src;
			sourceTree = "<group>";
		};
		21A3285C2578578600E5B80E /* cuda */ = {
			isa = PBXGroup;
			children = (
				21A3285D2578578600E5B80E /* matrix_operations.cu */,
			);
			path = cuda;
			sourceTree = "<group>";
		};
		21A45B0A134F5F3800A075BF /* Views */ = {
			isa = PBXGroup;
			children = (
				BEB800C01A5E527F00FCE8D2 /* BitmapView.h */,
				BEB800C11A5E527F00FCE8D2 /* BitmapView.m */,
			);
			name = Views;
			sourceTree = "<group>";
		};
		21A96B7912D1696D002E1DC6 /* Controllers */ = {
			isa = PBXGroup;
			children = (
				BEB800EA1A5E530400FCE8D2 /* WormAssayAppDelegate.h */,
				BEB800EB1A5E530400FCE8D2 /* WormAssayAppDelegate.m */,
				BEB800E81A5E530400FCE8D2 /* VideoSourceDocument.h */,
				BEB800E91A5E530400FCE8D2 /* VideoSourceDocument.m */,
				BEB800E61A5E530400FCE8D2 /* VideoProcessorController.h */,
				BEB800E71A5E530400FCE8D2 /* VideoProcessorController.m */,
				BEB800DC1A5E530400FCE8D2 /* ArrayTableView.h */,
				BEB800DD1A5E530400FCE8D2 /* ArrayTableView.m */,
				BEB800E01A5E530400FCE8D2 /* DocumentController.h */,
				BEB800E11A5E530400FCE8D2 /* DocumentController.m */,
				BEB800E21A5E530400FCE8D2 /* Emailer.h */,
				BEB800E31A5E530400FCE8D2 /* Emailer.m */,
				BEB800E41A5E530400FCE8D2 /* LoggingAndNotificationsSettingsWindowController.h */,
				BEB800E51A5E530400FCE8D2 /* LoggingAndNotificationsSettingsWindowController.m */,
				BEB800DE1A5E530400FCE8D2 /* DeckLinkCaptureDevice.h */,
				BEB800DF1A5E530400FCE8D2 /* DeckLinkCaptureDevice.mm */,
				213D430425918A40001D0C18 /* NSOperationQueue-Utility.h */,
				213D430525918A40001D0C18 /* NSOperationQueue-Utility.m */,
			);
			name = Controllers;
			path = Classes;
			sourceTree = "<group>";
		};
		21EBDA26134AD3BA00736245 /* Image Processing */ = {
			isa = PBXGroup;
			children = (
				BEB800C31A5E52A000FCE8D2 /* CvUtilities.hpp */,
				BEB800C41A5E52A000FCE8D2 /* PlateData.h */,
				BEB800C51A5E52A000FCE8D2 /* PlateData.mm */,
				BEB800C61A5E52A000FCE8D2 /* VideoFrame.h */,
				BEB800C71A5E52A000FCE8D2 /* VideoFrame.mm */,
				BEB800C81A5E52A000FCE8D2 /* VideoProcessor.h */,
				BEB800C91A5E52A000FCE8D2 /* VideoProcessor.mm */,
				BEB800CA1A5E52A000FCE8D2 /* WellFinding.mm */,
				BEB800CB1A5E52A000FCE8D2 /* WellFinding.hpp */,
			);
			name = "Image Processing";
			path = Classes;
			sourceTree = "<group>";
		};
		21FA749512CD579300D11B6D /* Third Party */ = {
			isa = PBXGroup;
			children = (
				21A327CF2578578600E5B80E /* opencv-2.4.13.6-video-imgproc */,
				21A3268D2578573E00E5B80E /* decklink-15.3 */,
			);
			name = "Third Party";
			sourceTree = "<group>";
		};
		29B97314FDCFA39411CA2CEA /* CustomTemplate */ = {
			isa = PBXGroup;
			children = (
				BEB800BD1A5E410200FCE8D2 /* CHANGES.txt */,
				BEB800BE1A5E410200FCE8D2 /* LICENSE.txt */,
				BEB800BF1A5E410200FCE8D2 /* README.md */,
				21A96B7912D1696D002E1DC6 /* Controllers */,
				21A45B0A134F5F3800A075BF /* Views */,
				21EBDA26134AD3BA00736245 /* Image Processing */,
				21910731135E2B3100A12F1F /* Analysis */,
				29B97315FDCFA39411CA2CEA /* Other Sources */,
				21FA749512CD579300D11B6D /* Third Party */,
				2161366312CD7BFD006687D3 /* Resources */,
				29B97323FDCFA39411CA2CEA /* Frameworks */,
				19C28FACFE9D520D11CA2CBB /* Products */,
			);
			name = CustomTemplate;
			sourceTree = "<group>";
		};
		29B97315FDCFA39411CA2CEA /* Other Sources */ = {
			isa = PBXGroup;
			children = (
				BEE1CAD51A5E565300F77BF0 /* main.m */,
				21C040DE25783008009BD442 /* WormAssay.entitlements */,
			);
			name = "Other Sources";
			sourceTree = "<group>";
		};
		29B97323FDCFA39411CA2CEA /* Frameworks */ = {
			isa = PBXGroup;
			children = (
				BE3FA2FD180F40C2006BC68C /* AVFoundation.framework */,
				218DD53213453FC5000B6475 /* Cocoa.framework */,
				21F1F0B8257EEE1E00BA1C09 /* CoreGraphics.framework */,
				BE3FA2FF1811DEEE006BC68C /* CoreMedia.framework */,
				21CC72051347EDD4001146DA /* CoreVideo.framework */,
				BE39A15418249FB800704CA3 /* OpenCL.framework */,
				2190AF17135B6E4A00C3853B /* IOKit.framework */,
				21CC724813484A79001146DA /* QuartzCore.framework */,
				21E4E702258FE8CA00C21256 /* Vision.framework */,
				219099D01357A05300EEE2BB /* libiconv.dylib */,
				218DD5271345253D000B6475 /* libz.dylib */,
			);
			name = Frameworks;
			sourceTree = "<group>";
		};
/* End PBXGroup section */

/* Begin PBXHeadersBuildPhase section */
		21E778AD12D322A9006C1554 /* Headers */ = {
			isa = PBXHeadersBuildPhase;
			buildActionMask = 2147483647;
			files = (
				21A328A02578578600E5B80E /* imgproc_c.h in Headers */,
				21A328602578578600E5B80E /* background_segm.hpp in Headers */,
				21A3287A2578578600E5B80E /* operations.hpp in Headers */,
				21A328A62578578600E5B80E /* imgwarp_avx2.hpp in Headers */,
				21A328B12578578600E5B80E /* _geom.h in Headers */,
				21A3289F2578578600E5B80E /* imgproc.hpp in Headers */,
				21A328802578578600E5B80E /* core.hpp in Headers */,
				21A328BF2578578600E5B80E /* gcgraph.hpp in Headers */,
				21A328642578578600E5B80E /* precomp.hpp in Headers */,
				21A328782578578600E5B80E /* devmem2d.hpp in Headers */,
				21A3287D2578578600E5B80E /* opengl_interop_deprecated.hpp in Headers */,
				21A328752578578600E5B80E /* gpumat.hpp in Headers */,
				21A328812578578600E5B80E /* precomp.hpp in Headers */,
				21A328772578578600E5B80E /* mat.hpp in Headers */,
				21A328712578578600E5B80E /* cuda_devptrs.hpp in Headers */,
				21A328AA2578578600E5B80E /* precomp.hpp in Headers */,
				21A3286E2578578600E5B80E /* simpleflow.hpp in Headers */,
				21A3287B2578578600E5B80E /* types_c.h in Headers */,
				21A328C72578578600E5B80E /* imgwarp_avx.hpp in Headers */,
				21A328D22578578600E5B80E /* dynamicuda.hpp in Headers */,
				21A328792578578600E5B80E /* version.hpp in Headers */,
				21A328612578578600E5B80E /* video.hpp in Headers */,
				21A3287F2578578600E5B80E /* wimage.hpp in Headers */,
				21A3287C2578578600E5B80E /* core_c.h in Headers */,
				21A328622578578600E5B80E /* video.hpp in Headers */,
				21A3285F2578578600E5B80E /* tracking.hpp in Headers */,
				21A3289D2578578600E5B80E /* gl_core_3_1.hpp in Headers */,
				21A328B22578578600E5B80E /* _list.h in Headers */,
				21A3287E2578578600E5B80E /* core.hpp in Headers */,
				21A3289E2578578600E5B80E /* imgproc.hpp in Headers */,
				21A328732578578600E5B80E /* eigen.hpp in Headers */,
				21A328742578578600E5B80E /* internal.hpp in Headers */,
				21A328A12578578600E5B80E /* types_c.h in Headers */,
				21A328632578578600E5B80E /* lkpyramid.hpp in Headers */,
				21A328722578578600E5B80E /* opengl_interop.hpp in Headers */,
				21A328762578578600E5B80E /* affine.hpp in Headers */,
			);
			runOnlyForDeploymentPostprocessing = 0;
		};
/* End PBXHeadersBuildPhase section */

/* Begin PBXNativeTarget section */
		218DD52F13453FC5000B6475 /* WormAssay */ = {
			isa = PBXNativeTarget;
			buildConfigurationList = 218DD54A13453FC6000B6475 /* Build configuration list for PBXNativeTarget "WormAssay" */;
			buildPhases = (
				218DD52C13453FC5000B6475 /* Sources */,
				218DD52D13453FC5000B6475 /* Frameworks */,
				218DD52E13453FC5000B6475 /* Resources */,
				2102C866137910E0000E3D53 /* CopyFiles */,
			);
			buildRules = (
			);
			dependencies = (
				219098A813575A7F00EEE2BB /* PBXTargetDependency */,
			);
			name = WormAssay;
			productName = WormAssay;
			productReference = 218DD53013453FC5000B6475 /* WormAssay.app */;
			productType = "com.apple.product-type.application";
		};
		21E778AC12D322A9006C1554 /* OpenCV */ = {
			isa = PBXNativeTarget;
			buildConfigurationList = 21E7790612D322A9006C1554 /* Build configuration list for PBXNativeTarget "OpenCV" */;
			buildPhases = (
				21E778AD12D322A9006C1554 /* Headers */,
				21E778C412D322A9006C1554 /* Sources */,
				21E7790412D322A9006C1554 /* Frameworks */,
			);
			buildRules = (
			);
			dependencies = (
			);
			name = OpenCV;
			productName = OpenCV;
			productReference = 21E7790912D322A9006C1554 /* libOpenCV.a */;
			productType = "com.apple.product-type.library.static";
		};
/* End PBXNativeTarget section */

/* Begin PBXProject section */
		29B97313FDCFA39411CA2CEA /* Project object */ = {
			isa = PBXProject;
			attributes = {
				BuildIndependentTargetsInParallel = YES;
				LastUpgradeCheck = 2620;
				ORGANIZATIONNAME = "Chris Marcellino";
				TargetAttributes = {
					218DD52F13453FC5000B6475 = {
						ProvisioningStyle = Manual;
					};
				};
			};
			buildConfigurationList = C01FCF4E08A954540054247B /* Build configuration list for PBXProject "WormAssay" */;
			compatibilityVersion = "Xcode 12.0";
			developmentRegion = en;
			hasScannedForEncodings = 1;
			knownRegions = (
				en,
				Base,
			);
			mainGroup = 29B97314FDCFA39411CA2CEA /* CustomTemplate */;
			projectDirPath = "";
			projectRoot = "";
			targets = (
				218DD52F13453FC5000B6475 /* WormAssay */,
				21E778AC12D322A9006C1554 /* OpenCV */,
			);
		};
/* End PBXProject section */

/* Begin PBXResourcesBuildPhase section */
		218DD52E13453FC5000B6475 /* Resources */ = {
			isa = PBXResourcesBuildPhase;
			buildActionMask = 2147483647;
			files = (
				BEE1CAF11A5E571F00F77BF0 /* LoggingPanel.xib in Resources */,
				BEE1CAF01A5E571F00F77BF0 /* LoggingAndNotificationsSettings.xib in Resources */,
				BEE1CAEF1A5E571F00F77BF0 /* Credits.rtf in Resources */,
				BEE1CAE61A5E570C00F77BF0 /* Worm.icns in Resources */,
				BEE1CAF21A5E571F00F77BF0 /* MainMenu.xib in Resources */,
			);
			runOnlyForDeploymentPostprocessing = 0;
		};
/* End PBXResourcesBuildPhase section */

/* Begin PBXSourcesBuildPhase section */
		218DD52C13453FC5000B6475 /* Sources */ = {
			isa = PBXSourcesBuildPhase;
			buildActionMask = 2147483647;
			files = (
				BEB800F11A5E530400FCE8D2 /* VideoProcessorController.m in Sources */,
				BEB800DA1A5E52B000FCE8D2 /* NullMotionAnalyzer.mm in Sources */,
				BEB800DB1A5E52B000FCE8D2 /* OpticalFlowMotionAnalyzer.mm in Sources */,
				BEB800EF1A5E530400FCE8D2 /* Emailer.m in Sources */,
				BEB800CC1A5E52A000FCE8D2 /* PlateData.mm in Sources */,
				BEB800CD1A5E52A000FCE8D2 /* VideoFrame.mm in Sources */,
				BEB800CF1A5E52A000FCE8D2 /* WellFinding.mm in Sources */,
				BEB800C21A5E527F00FCE8D2 /* BitmapView.m in Sources */,
				BEE1CAD71A5E565300F77BF0 /* main.m in Sources */,
				BEB800ED1A5E530400FCE8D2 /* DeckLinkCaptureDevice.mm in Sources */,
				BEB800CE1A5E52A000FCE8D2 /* VideoProcessor.mm in Sources */,
				BEB800F21A5E530400FCE8D2 /* VideoSourceDocument.m in Sources */,
				BEB800EC1A5E530400FCE8D2 /* ArrayTableView.m in Sources */,
				BEB800D91A5E52B000FCE8D2 /* ConsensusLuminanceMotionAnalyzer.mm in Sources */,
				BEB800F01A5E530400FCE8D2 /* LoggingAndNotificationsSettingsWindowController.m in Sources */,
				21A326B82578573E00E5B80E /* DeckLinkAPIDispatch.cpp in Sources */,
				BEB800F31A5E530400FCE8D2 /* WormAssayAppDelegate.m in Sources */,
				BEB800EE1A5E530400FCE8D2 /* DocumentController.m in Sources */,
				BEB800D81A5E52B000FCE8D2 /* AssayAnalyzer.mm in Sources */,
				213D430625918A40001D0C18 /* NSOperationQueue-Utility.m in Sources */,
			);
			runOnlyForDeploymentPostprocessing = 0;
		};
		21E778C412D322A9006C1554 /* Sources */ = {
			isa = PBXSourcesBuildPhase;
			buildActionMask = 2147483647;
			files = (
				21A328962578578600E5B80E /* system.cpp in Sources */,
				21A328AF2578578600E5B80E /* shapedescr.cpp in Sources */,
				21A328D32578578600E5B80E /* main.cpp in Sources */,
				21A328B92578578600E5B80E /* featureselect.cpp in Sources */,
				21A328BC2578578600E5B80E /* hough.cpp in Sources */,
				21A3288E2578578600E5B80E /* out.cpp in Sources */,
				21A328B82578578600E5B80E /* emd.cpp in Sources */,
				21A328822578578600E5B80E /* dxt.cpp in Sources */,
				21A328AE2578578600E5B80E /* pyramids.cpp in Sources */,
				21A328D02578578600E5B80E /* grabcut.cpp in Sources */,
				21A3288B2578578600E5B80E /* mathfuncs.cpp in Sources */,
				21A328C52578578600E5B80E /* linefit.cpp in Sources */,
				21A328A72578578600E5B80E /* imgwarp_avx2.cpp in Sources */,
				21A328A42578578600E5B80E /* rotcalipers.cpp in Sources */,
				21A328CE2578578600E5B80E /* convhull.cpp in Sources */,
				21A328A32578578600E5B80E /* corner.cpp in Sources */,
				21A328902578578600E5B80E /* array.cpp in Sources */,
				21A328842578578600E5B80E /* stat.cpp in Sources */,
				21A3289B2578578600E5B80E /* opengl_interop.cpp in Sources */,
				21A328652578578600E5B80E /* simpleflow.cpp in Sources */,
				21A328672578578600E5B80E /* video_init.cpp in Sources */,
				21A328832578578600E5B80E /* copy.cpp in Sources */,
				21A328942578578600E5B80E /* rand.cpp in Sources */,
				21A328CA2578578600E5B80E /* samplers.cpp in Sources */,
				21A328992578578600E5B80E /* matrix.cpp in Sources */,
				21A3286D2578578600E5B80E /* optflowgf.cpp in Sources */,
				21A328C12578578600E5B80E /* imgwarp.cpp in Sources */,
				21A328B62578578600E5B80E /* subdivision2d.cpp in Sources */,
				21A328CC2578578600E5B80E /* distransform.cpp in Sources */,
				21A328BE2578578600E5B80E /* filter.cpp in Sources */,
				21A3286B2578578600E5B80E /* camshift.cpp in Sources */,
				21A3286F2578578600E5B80E /* bgfg_gaussmix.cpp in Sources */,
				21A328C02578578600E5B80E /* color.cpp in Sources */,
				21A328C22578578600E5B80E /* thresh.cpp in Sources */,
				21A3286C2578578600E5B80E /* lkpyramid.cpp in Sources */,
				21A328932578578600E5B80E /* matop.cpp in Sources */,
				21A328662578578600E5B80E /* bgfg_gmg.cpp in Sources */,
				21A328C42578578600E5B80E /* accum.cpp in Sources */,
				21A3288A2578578600E5B80E /* tables.cpp in Sources */,
				21A328982578578600E5B80E /* cmdparser.cpp in Sources */,
				21A3288D2578578600E5B80E /* lapack.cpp in Sources */,
				21A328BD2578578600E5B80E /* tables.cpp in Sources */,
				21A328892578578600E5B80E /* convert.cpp in Sources */,
				21A328952578578600E5B80E /* algorithm.cpp in Sources */,
				21A3286A2578578600E5B80E /* bgfg_gaussmix2.cpp in Sources */,
				21A328CD2578578600E5B80E /* contours.cpp in Sources */,
				21A328A22578578600E5B80E /* cornersubpix.cpp in Sources */,
				21A3289C2578578600E5B80E /* datastructs.cpp in Sources */,
				21A328922578578600E5B80E /* alloc.cpp in Sources */,
				21A328CB2578578600E5B80E /* deriv.cpp in Sources */,
				21A328C92578578600E5B80E /* canny.cpp in Sources */,
				21A328CF2578578600E5B80E /* floodfill.cpp in Sources */,
				21A328C32578578600E5B80E /* moments.cpp in Sources */,
				21A328AB2578578600E5B80E /* matchcontours.cpp in Sources */,
				21A328882578578600E5B80E /* matmul.cpp in Sources */,
				21A328AD2578578600E5B80E /* morph.cpp in Sources */,
				21A328AC2578578600E5B80E /* approx.cpp in Sources */,
				21A328D12578578600E5B80E /* sumpixels.cpp in Sources */,
				21A328682578578600E5B80E /* kalman.cpp in Sources */,
				21A328BA2578578600E5B80E /* gabor.cpp in Sources */,
				21A328872578578600E5B80E /* parallel.cpp in Sources */,
				21A328912578578600E5B80E /* arithm.cpp in Sources */,
				21A328C62578578600E5B80E /* histogram.cpp in Sources */,
				21A3288C2578578600E5B80E /* persistence.cpp in Sources */,
				21A3289A2578578600E5B80E /* glob.cpp in Sources */,
				21A328BB2578578600E5B80E /* phasecorr.cpp in Sources */,
				21A328B72578578600E5B80E /* undistort.cpp in Sources */,
				21A328B42578578600E5B80E /* smooth.cpp in Sources */,
				21A328692578578600E5B80E /* motempl.cpp in Sources */,
				21A328972578578600E5B80E /* gpumat.cpp in Sources */,
				21A328A92578578600E5B80E /* geometry.cpp in Sources */,
				21A328862578578600E5B80E /* gl_core_3_1.cpp in Sources */,
				21A328B02578578600E5B80E /* generalized_hough.cpp in Sources */,
				21A328A82578578600E5B80E /* utils.cpp in Sources */,
				21A3288F2578578600E5B80E /* drawing.cpp in Sources */,
				21A328A52578578600E5B80E /* clahe.cpp in Sources */,
				21A328C82578578600E5B80E /* imgwarp_avx.cpp in Sources */,
				21A328702578578600E5B80E /* tvl1flow.cpp in Sources */,
				21A328B32578578600E5B80E /* templmatch.cpp in Sources */,
				21A328852578578600E5B80E /* opengl_interop_deprecated.cpp in Sources */,
				21A328B52578578600E5B80E /* segmentation.cpp in Sources */,
			);
			runOnlyForDeploymentPostprocessing = 0;
		};
/* End PBXSourcesBuildPhase section */

/* Begin PBXTargetDependency section */
		219098A813575A7F00EEE2BB /* PBXTargetDependency */ = {
			isa = PBXTargetDependency;
			target = 21E778AC12D322A9006C1554 /* OpenCV */;
			targetProxy = 219098A713575A7F00EEE2BB /* PBXContainerItemProxy */;
		};
/* End PBXTargetDependency section */

/* Begin PBXVariantGroup section */
		BEE1CAE71A5E571F00F77BF0 /* Credits.rtf */ = {
			isa = PBXVariantGroup;
			children = (
				BEE1CAE81A5E571F00F77BF0 /* en */,
			);
			name = Credits.rtf;
			sourceTree = "<group>";
		};
		BEE1CAE91A5E571F00F77BF0 /* LoggingAndNotificationsSettings.xib */ = {
			isa = PBXVariantGroup;
			children = (
				21DF5A54258D530100D4C272 /* Base */,
			);
			name = LoggingAndNotificationsSettings.xib;
			sourceTree = "<group>";
		};
		BEE1CAEB1A5E571F00F77BF0 /* LoggingPanel.xib */ = {
			isa = PBXVariantGroup;
			children = (
				21DF5A55258D530100D4C272 /* Base */,
			);
			name = LoggingPanel.xib;
			sourceTree = "<group>";
		};
		BEE1CAED1A5E571F00F77BF0 /* MainMenu.xib */ = {
			isa = PBXVariantGroup;
			children = (
				21DF5A56258D530100D4C272 /* Base */,
			);
			name = MainMenu.xib;
			sourceTree = "<group>";
		};
/* End PBXVariantGroup section */

/* Begin XCBuildConfiguration section */
		218DD54B13453FC6000B6475 /* Debug */ = {
			isa = XCBuildConfiguration;
			buildSettings = {
				AUTOMATION_APPLE_EVENTS = YES;
				CLANG_STATIC_ANALYZER_MODE = deep;
				CODE_SIGN_ENTITLEMENTS = WormAssay.entitlements;
				CODE_SIGN_IDENTITY = "-";
				CODE_SIGN_STYLE = Manual;
				CURRENT_PROJECT_VERSION = 1.7.4;
				DEVELOPMENT_TEAM = "";
				ENABLE_APP_SANDBOX = NO;
				ENABLE_FILE_ACCESS_MOVIES_FOLDER = readwrite;
				ENABLE_HARDENED_RUNTIME = YES;
				ENABLE_INCOMING_NETWORK_CONNECTIONS = NO;
				ENABLE_OUTGOING_NETWORK_CONNECTIONS = NO;
				ENABLE_RESOURCE_ACCESS_AUDIO_INPUT = NO;
				ENABLE_RESOURCE_ACCESS_BLUETOOTH = NO;
				ENABLE_RESOURCE_ACCESS_CALENDARS = NO;
				ENABLE_RESOURCE_ACCESS_CAMERA = YES;
				ENABLE_RESOURCE_ACCESS_CONTACTS = NO;
				ENABLE_RESOURCE_ACCESS_LOCATION = NO;
				ENABLE_RESOURCE_ACCESS_PRINTING = NO;
				ENABLE_RESOURCE_ACCESS_USB = NO;
				ENABLE_USER_SELECTED_FILES = readwrite;
				GCC_OPTIMIZATION_LEVEL = 0;
				INFOPLIST_FILE = "WormAssay-Info.plist";
				MARKETING_VERSION = 1.7.4;
				PRODUCT_BUNDLE_IDENTIFIER = org.chrismarcellino.wormassay;
				PRODUCT_NAME = "$(TARGET_NAME)";
				PROVISIONING_PROFILE_SPECIFIER = "";
				RUNTIME_EXCEPTION_DISABLE_LIBRARY_VALIDATION = YES;
				RUN_CLANG_STATIC_ANALYZER = YES;
				WARNING_CFLAGS = (
					"-Wall",
					"-Wextra",
					"-Wno-unused-parameter",
				);
				WRAPPER_EXTENSION = app;
			};
			name = Debug;
		};
		218DD54C13453FC6000B6475 /* Release */ = {
			isa = XCBuildConfiguration;
			buildSettings = {
				AUTOMATION_APPLE_EVENTS = YES;
				CLANG_STATIC_ANALYZER_MODE = deep;
				CODE_SIGN_ENTITLEMENTS = WormAssay.entitlements;
				CODE_SIGN_IDENTITY = "Apple Development";
				CODE_SIGN_STYLE = Manual;
				CURRENT_PROJECT_VERSION = 1.7.4;
				DEVELOPMENT_TEAM = 2D5Q8ZDWRU;
				"DEVELOPMENT_TEAM[sdk=macosx*]" = 94XJ98ESL8;
				ENABLE_APP_SANDBOX = NO;
				ENABLE_FILE_ACCESS_MOVIES_FOLDER = readwrite;
				ENABLE_HARDENED_RUNTIME = YES;
				ENABLE_INCOMING_NETWORK_CONNECTIONS = NO;
				ENABLE_OUTGOING_NETWORK_CONNECTIONS = NO;
				ENABLE_RESOURCE_ACCESS_AUDIO_INPUT = NO;
				ENABLE_RESOURCE_ACCESS_BLUETOOTH = NO;
				ENABLE_RESOURCE_ACCESS_CALENDARS = NO;
				ENABLE_RESOURCE_ACCESS_CAMERA = YES;
				ENABLE_RESOURCE_ACCESS_CONTACTS = NO;
				ENABLE_RESOURCE_ACCESS_LOCATION = NO;
				ENABLE_RESOURCE_ACCESS_PRINTING = NO;
				ENABLE_RESOURCE_ACCESS_USB = NO;
				ENABLE_USER_SELECTED_FILES = readwrite;
				INFOPLIST_FILE = "WormAssay-Info.plist";
				LLVM_LTO = YES;
				MARKETING_VERSION = 1.7.4;
				PRODUCT_BUNDLE_IDENTIFIER = org.chrismarcellino.wormassay;
				PRODUCT_NAME = "$(TARGET_NAME)";
				PROVISIONING_PROFILE_SPECIFIER = "";
				RUNTIME_EXCEPTION_DISABLE_LIBRARY_VALIDATION = YES;
				RUN_CLANG_STATIC_ANALYZER = YES;
				WARNING_CFLAGS = (
					"-Wall",
					"-Wextra",
					"-Wno-unused-parameter",
				);
				WRAPPER_EXTENSION = app;
			};
			name = Release;
		};
		21E7790712D322A9006C1554 /* Debug */ = {
			isa = XCBuildConfiguration;
			buildSettings = {
				GCC_PREPROCESSOR_DEFINITIONS = (
					HAVE_ALLOCA,
					HAVE_ALLOCA_H,
					HAVE_LIBPTHREAD,
					HAVE_UNISTD_H,
					CVAPI_EXPORTS,
				);
				GCC_WARN_INHIBIT_ALL_WARNINGS = YES;
				PRODUCT_NAME = OpenCV;
				SKIP_INSTALL = YES;
			};
			name = Debug;
		};
		21E7790812D322A9006C1554 /* Release */ = {
			isa = XCBuildConfiguration;
			buildSettings = {
				GCC_PREPROCESSOR_DEFINITIONS = (
					HAVE_ALLOCA,
					HAVE_ALLOCA_H,
					HAVE_LIBPTHREAD,
					HAVE_UNISTD_H,
					CVAPI_EXPORTS,
				);
				GCC_WARN_INHIBIT_ALL_WARNINGS = YES;
				PRODUCT_NAME = OpenCV;
				SKIP_INSTALL = YES;
			};
			name = Release;
		};
		C01FCF4F08A954540054247B /* Debug */ = {
			isa = XCBuildConfiguration;
			buildSettings = {
				ALWAYS_SEARCH_USER_PATHS = NO;
				CLANG_ANALYZER_LOCALIZABILITY_NONLOCALIZED = YES;
				CLANG_CXX_LANGUAGE_STANDARD = "c++14";
				CLANG_ENABLE_OBJC_ARC = YES;
				CLANG_WARN_BLOCK_CAPTURE_AUTORELEASING = YES;
				CLANG_WARN_BOOL_CONVERSION = YES;
				CLANG_WARN_COMMA = YES;
				CLANG_WARN_CONSTANT_CONVERSION = YES;
				CLANG_WARN_DEPRECATED_OBJC_IMPLEMENTATIONS = YES;
				CLANG_WARN_EMPTY_BODY = YES;
				CLANG_WARN_ENUM_CONVERSION = YES;
				CLANG_WARN_INFINITE_RECURSION = YES;
				CLANG_WARN_INT_CONVERSION = YES;
				CLANG_WARN_NON_LITERAL_NULL_CONVERSION = YES;
				CLANG_WARN_OBJC_IMPLICIT_RETAIN_SELF = NO;
				CLANG_WARN_OBJC_LITERAL_CONVERSION = YES;
				CLANG_WARN_QUOTED_INCLUDE_IN_FRAMEWORK_HEADER = YES;
				CLANG_WARN_RANGE_LOOP_ANALYSIS = YES;
				CLANG_WARN_STRICT_PROTOTYPES = YES;
				CLANG_WARN_SUSPICIOUS_MOVE = YES;
				CLANG_WARN_UNREACHABLE_CODE = YES;
				CLANG_WARN__DUPLICATE_METHOD_MATCH = YES;
				DEAD_CODE_STRIPPING = YES;
				DEBUG_INFORMATION_FORMAT = "dwarf-with-dsym";
				ENABLE_STRICT_OBJC_MSGSEND = YES;
				ENABLE_TESTABILITY = YES;
				ENABLE_USER_SCRIPT_SANDBOXING = YES;
				GCC_INLINES_ARE_PRIVATE_EXTERN = YES;
				GCC_NO_COMMON_BLOCKS = YES;
				GCC_SYMBOLS_PRIVATE_EXTERN = YES;
				GCC_TREAT_WARNINGS_AS_ERRORS = YES;
				GCC_WARN_64_TO_32_BIT_CONVERSION = YES;
				GCC_WARN_ABOUT_RETURN_TYPE = YES;
				GCC_WARN_UNDECLARED_SELECTOR = YES;
				GCC_WARN_UNINITIALIZED_AUTOS = YES;
				GCC_WARN_UNUSED_FUNCTION = YES;
				GCC_WARN_UNUSED_VARIABLE = YES;
				HEADER_SEARCH_PATHS = (
					"ThirdParty/opencv-2.4.13.6-video-imgproc/**",
					"ThirdParty/decklink-15.3",
				);
				MACOSX_DEPLOYMENT_TARGET = 14.6;
				ONLY_ACTIVE_ARCH = YES;
				SDKROOT = macosx;
				STRING_CATALOG_GENERATE_SYMBOLS = YES;
			};
			name = Debug;
		};
		C01FCF5008A954540054247B /* Release */ = {
			isa = XCBuildConfiguration;
			buildSettings = {
				ALWAYS_SEARCH_USER_PATHS = NO;
				CLANG_ANALYZER_LOCALIZABILITY_NONLOCALIZED = YES;
				CLANG_CXX_LANGUAGE_STANDARD = "c++14";
				CLANG_ENABLE_OBJC_ARC = YES;
				CLANG_WARN_BLOCK_CAPTURE_AUTORELEASING = YES;
				CLANG_WARN_BOOL_CONVERSION = YES;
				CLANG_WARN_COMMA = YES;
				CLANG_WARN_CONSTANT_CONVERSION = YES;
				CLANG_WARN_DEPRECATED_OBJC_IMPLEMENTATIONS = YES;
				CLANG_WARN_EMPTY_BODY = YES;
				CLANG_WARN_ENUM_CONVERSION = YES;
				CLANG_WARN_INFINITE_RECURSION = YES;
				CLANG_WARN_INT_CONVERSION = YES;
				CLANG_WARN_NON_LITERAL_NULL_CONVERSION = YES;
				CLANG_WARN_OBJC_IMPLICIT_RETAIN_SELF = NO;
				CLANG_WARN_OBJC_LITERAL_CONVERSION = YES;
				CLANG_WARN_QUOTED_INCLUDE_IN_FRAMEWORK_HEADER = YES;
				CLANG_WARN_RANGE_LOOP_ANALYSIS = YES;
				CLANG_WARN_STRICT_PROTOTYPES = YES;
				CLANG_WARN_SUSPICIOUS_MOVE = YES;
				CLANG_WARN_UNREACHABLE_CODE = YES;
				CLANG_WARN__DUPLICATE_METHOD_MATCH = YES;
				DEAD_CODE_STRIPPING = YES;
				DEBUG_INFORMATION_FORMAT = "dwarf-with-dsym";
				DEPLOYMENT_POSTPROCESSING = YES;
				ENABLE_STRICT_OBJC_MSGSEND = YES;
				ENABLE_USER_SCRIPT_SANDBOXING = YES;
				GCC_INLINES_ARE_PRIVATE_EXTERN = YES;
				GCC_NO_COMMON_BLOCKS = YES;
				GCC_SYMBOLS_PRIVATE_EXTERN = YES;
				GCC_TREAT_WARNINGS_AS_ERRORS = YES;
				GCC_WARN_64_TO_32_BIT_CONVERSION = YES;
				GCC_WARN_ABOUT_RETURN_TYPE = YES;
				GCC_WARN_UNDECLARED_SELECTOR = YES;
				GCC_WARN_UNINITIALIZED_AUTOS = YES;
				GCC_WARN_UNUSED_FUNCTION = YES;
				GCC_WARN_UNUSED_VARIABLE = YES;
				HEADER_SEARCH_PATHS = (
					"ThirdParty/opencv-2.4.13.6-video-imgproc/**",
					"ThirdParty/decklink-15.3",
				);
				MACOSX_DEPLOYMENT_TARGET = 14.6;
				SDKROOT = macosx;
				STRING_CATALOG_GENERATE_SYMBOLS = YES;
			};
			name = Release;
		};
/* End XCBuildConfiguration section */

/* Begin XCConfigurationList section */
		218DD54A13453FC6000B6475 /* Build configuration list for PBXNativeTarget "WormAssay" */ = {
			isa = XCConfigurationList;
			buildConfigurations = (
				218DD54B13453FC6000B6475 /* Debug */,
				218DD54C13453FC6000B6475 /* Release */,
			);
			defaultConfigurationIsVisible = 0;
			defaultConfigurationName = Release;
		};
		21E7790612D322A9006C1554 /* Build configuration list for PBXNativeTarget "OpenCV" */ = {
			isa = XCConfigurationList;
			buildConfigurations = (
				21E7790712D322A9006C1554 /* Debug */,
				21E7790812D322A9006C1554 /* Release */,
			);
			defaultConfigurationIsVisible = 0;
			defaultConfigurationName = Release;
		};
		C01FCF4E08A954540054247B /* Build configuration list for PBXProject "WormAssay" */ = {
			isa = XCConfigurationList;
			buildConfigurations = (
				C01FCF4F08A954540054247B /* Debug */,
				C01FCF5008A954540054247B /* Release */,
			);
			defaultConfigurationIsVisible = 0;
			defaultConfigurationName = Release;
		};
/* End XCConfigurationList section */
	};
	rootObject = 29B97313FDCFA39411CA2CEA /* Project object */;
}
